// !$*UTF8*$!
{
	archiveVersion = 1;
	classes = {
	};
	objectVersion = 50;
	objects = {

/* Begin PBXBuildFile section */
		221EC5AE228A10E50051EC42 /* DoubleItemCell.swift in Sources */ = {isa = PBXBuildFile; fileRef = 221EC5AC228A10E50051EC42 /* DoubleItemCell.swift */; };
		221EC5AF228A10E50051EC42 /* DoubleItemCell.xib in Resources */ = {isa = PBXBuildFile; fileRef = 221EC5AD228A10E50051EC42 /* DoubleItemCell.xib */; };
		22267C2122654E19007E7B40 /* BOCategoryService.swift in Sources */ = {isa = PBXBuildFile; fileRef = 22267C2022654E19007E7B40 /* BOCategoryService.swift */; };
		22267C2322654E8E007E7B40 /* BOCategoryModel.swift in Sources */ = {isa = PBXBuildFile; fileRef = 22267C2222654E8E007E7B40 /* BOCategoryModel.swift */; };
		22267C262265615E007E7B40 /* Extension+Collection.swift in Sources */ = {isa = PBXBuildFile; fileRef = 22267C252265615E007E7B40 /* Extension+Collection.swift */; };
		22267C2A22656175007E7B40 /* Extension+String.swift in Sources */ = {isa = PBXBuildFile; fileRef = 22267C2922656175007E7B40 /* Extension+String.swift */; };
		22267C2E22656C34007E7B40 /* StyleGuideAutoGenerated.swift in Sources */ = {isa = PBXBuildFile; fileRef = 22267C2D22656C34007E7B40 /* StyleGuideAutoGenerated.swift */; };
		222D8B98227FC8130039C860 /* BOCatHeaderCell.swift in Sources */ = {isa = PBXBuildFile; fileRef = 222D8B96227FC8130039C860 /* BOCatHeaderCell.swift */; };
		222D8B99227FC8130039C860 /* BOCatHeaderCell.xib in Resources */ = {isa = PBXBuildFile; fileRef = 222D8B97227FC8130039C860 /* BOCatHeaderCell.xib */; };
		22326B58229370BB0056DAC9 /* Extension+Int.swift in Sources */ = {isa = PBXBuildFile; fileRef = 22326B57229370BB0056DAC9 /* Extension+Int.swift */; };
		22326B5C22938E770056DAC9 /* RvkAndIcelandDataSource.swift in Sources */ = {isa = PBXBuildFile; fileRef = 22326B5B22938E770056DAC9 /* RvkAndIcelandDataSource.swift */; };
		22326B672293A48F0056DAC9 /* CategoryWinnerCell.swift in Sources */ = {isa = PBXBuildFile; fileRef = 22326B652293A48F0056DAC9 /* CategoryWinnerCell.swift */; };
		22326B682293A48F0056DAC9 /* CategoryWinnerCell.xib in Resources */ = {isa = PBXBuildFile; fileRef = 22326B662293A48F0056DAC9 /* CategoryWinnerCell.xib */; };
		22326B6A2293AE7C0056DAC9 /* Extensions+Array.swift in Sources */ = {isa = PBXBuildFile; fileRef = 22326B692293AE7C0056DAC9 /* Extensions+Array.swift */; };
		22326B6D229402370056DAC9 /* Extensions+UIView.swift in Sources */ = {isa = PBXBuildFile; fileRef = 22326B6C229402370056DAC9 /* Extensions+UIView.swift */; };
		22326B6F229449A20056DAC9 /* BOSpecificCatWinnersDataSource.swift in Sources */ = {isa = PBXBuildFile; fileRef = 22326B6E229449A20056DAC9 /* BOSpecificCatWinnersDataSource.swift */; };
		22326B73229462BD0056DAC9 /* BOBigCatImgCell.swift in Sources */ = {isa = PBXBuildFile; fileRef = 22326B71229462BD0056DAC9 /* BOBigCatImgCell.swift */; };
		22326B74229462BD0056DAC9 /* BOBigCatImgCell.xib in Resources */ = {isa = PBXBuildFile; fileRef = 22326B72229462BD0056DAC9 /* BOBigCatImgCell.xib */; };
		22326B772294A8C00056DAC9 /* DoubleItemImgCell.swift in Sources */ = {isa = PBXBuildFile; fileRef = 22326B752294A8C00056DAC9 /* DoubleItemImgCell.swift */; };
		22326B782294A8C00056DAC9 /* DoubleItemImgCell.xib in Resources */ = {isa = PBXBuildFile; fileRef = 22326B762294A8C00056DAC9 /* DoubleItemImgCell.xib */; };
		223EE422227B51830048D42E /* Images.swift in Sources */ = {isa = PBXBuildFile; fileRef = 223EE421227B51830048D42E /* Images.swift */; };
		223EE424227BA5BD0048D42E /* BOHeaderViewModel.swift in Sources */ = {isa = PBXBuildFile; fileRef = 223EE423227BA5BD0048D42E /* BOHeaderViewModel.swift */; };
		223EE427227BC6630048D42E /* TopGuideCell.swift in Sources */ = {isa = PBXBuildFile; fileRef = 223EE425227BC6630048D42E /* TopGuideCell.swift */; };
		223EE428227BC6630048D42E /* TopGuideCell.xib in Resources */ = {isa = PBXBuildFile; fileRef = 223EE426227BC6630048D42E /* TopGuideCell.xib */; };
		22446C9B227F29F50017512F /* GuideCell.swift in Sources */ = {isa = PBXBuildFile; fileRef = 22446C9A227F29F50017512F /* GuideCell.swift */; };
		2250D876226A87D600AD3363 /* guides.json in Resources */ = {isa = PBXBuildFile; fileRef = 2250D875226A87D600AD3363 /* guides.json */; };
		2251583F228CB5E3006BC71B /* BOGuideDetailTableDataSource.swift in Sources */ = {isa = PBXBuildFile; fileRef = 2251583E228CB5E3006BC71B /* BOGuideDetailTableDataSource.swift */; };
		226E0AD82256B34A006AB3E2 /* BOAuthor.swift in Sources */ = {isa = PBXBuildFile; fileRef = 226E0AD52256B34A006AB3E2 /* BOAuthor.swift */; };
		22747CCE228DE62500B35DA7 /* BOCatItemTextDescriptionCell.swift in Sources */ = {isa = PBXBuildFile; fileRef = 22747CCC228DE62500B35DA7 /* BOCatItemTextDescriptionCell.swift */; };
		22747CCF228DE62500B35DA7 /* BOCatItemTextDescriptionCell.xib in Resources */ = {isa = PBXBuildFile; fileRef = 22747CCD228DE62500B35DA7 /* BOCatItemTextDescriptionCell.xib */; };
		22747CD2228E2FCC00B35DA7 /* GuideItemCell.swift in Sources */ = {isa = PBXBuildFile; fileRef = 22747CD0228E2FCC00B35DA7 /* GuideItemCell.swift */; };
		22747CD3228E2FCC00B35DA7 /* GuideItemCell.xib in Resources */ = {isa = PBXBuildFile; fileRef = 22747CD1228E2FCC00B35DA7 /* GuideItemCell.xib */; };
		22762D322268DEA7003D9AAD /* drinking.json in Resources */ = {isa = PBXBuildFile; fileRef = 22762D312268DEA7003D9AAD /* drinking.json */; };
		22762D342268E022003D9AAD /* drinkingFail.json in Resources */ = {isa = PBXBuildFile; fileRef = 22762D332268E021003D9AAD /* drinkingFail.json */; };
		22AA85842277C53B003B15F1 /* ShowsErrorProtocol.swift in Sources */ = {isa = PBXBuildFile; fileRef = 22AA85832277C53B003B15F1 /* ShowsErrorProtocol.swift */; };
		22AA85872277C99A003B15F1 /* LaunchScreen.storyboard in Resources */ = {isa = PBXBuildFile; fileRef = 22AA85862277C99A003B15F1 /* LaunchScreen.storyboard */; };
		22AA858B2277D50B003B15F1 /* BOAppHeaderView.swift in Sources */ = {isa = PBXBuildFile; fileRef = 22AA858A2277D50B003B15F1 /* BOAppHeaderView.swift */; };
		22AA858D2277D518003B15F1 /* BOTableViewHeader.xib in Resources */ = {isa = PBXBuildFile; fileRef = 22AA858C2277D518003B15F1 /* BOTableViewHeader.xib */; };
		22AA85902277DC60003B15F1 /* UIColor+Additions.swift in Sources */ = {isa = PBXBuildFile; fileRef = 22AA858F2277DC60003B15F1 /* UIColor+Additions.swift */; };
		22B506DA224DAF2200F66FDB /* BOEndpoint.swift in Sources */ = {isa = PBXBuildFile; fileRef = 22B506D9224DAF2200F66FDB /* BOEndpoint.swift */; };
		22B506DD224DC09A00F66FDB /* NetworkError.swift in Sources */ = {isa = PBXBuildFile; fileRef = 22B506DC224DC09A00F66FDB /* NetworkError.swift */; };
		22C82DE5229CCF6D009B3668 /* BOFavouritesDataSource.swift in Sources */ = {isa = PBXBuildFile; fileRef = 22C82DE4229CCF6D009B3668 /* BOFavouritesDataSource.swift */; };
		22C82DEE229CE246009B3668 /* BOFavHeaderCell.swift in Sources */ = {isa = PBXBuildFile; fileRef = 22C82DEC229CE246009B3668 /* BOFavHeaderCell.swift */; };
		22C82DEF229CE246009B3668 /* BOFavHeaderCell.xib in Resources */ = {isa = PBXBuildFile; fileRef = 22C82DED229CE246009B3668 /* BOFavHeaderCell.xib */; };
		22D1D8D4228A54290003D649 /* UIImageView+Extension.swift in Sources */ = {isa = PBXBuildFile; fileRef = 22D1D8D3228A54290003D649 /* UIImageView+Extension.swift */; };
		22D573852282553500748CF1 /* Blanco-Italic.otf in Resources */ = {isa = PBXBuildFile; fileRef = 22D5737D2282553400748CF1 /* Blanco-Italic.otf */; };
		22D573862282553500748CF1 /* Blanco-MediumItalic.otf in Resources */ = {isa = PBXBuildFile; fileRef = 22D5737E2282553400748CF1 /* Blanco-MediumItalic.otf */; };
		22D573872282553500748CF1 /* Blanco-ExtraBold.otf in Resources */ = {isa = PBXBuildFile; fileRef = 22D5737F2282553500748CF1 /* Blanco-ExtraBold.otf */; };
		22D573882282553500748CF1 /* Blanco-Medium.otf in Resources */ = {isa = PBXBuildFile; fileRef = 22D573802282553500748CF1 /* Blanco-Medium.otf */; };
		22D573892282553500748CF1 /* Blanco-ExtraBoldItalic.otf in Resources */ = {isa = PBXBuildFile; fileRef = 22D573812282553500748CF1 /* Blanco-ExtraBoldItalic.otf */; };
		22D5738A2282553500748CF1 /* Blanco-Regular.otf in Resources */ = {isa = PBXBuildFile; fileRef = 22D573822282553500748CF1 /* Blanco-Regular.otf */; };
		22D5738B2282553500748CF1 /* Blanco-Bold.otf in Resources */ = {isa = PBXBuildFile; fileRef = 22D573832282553500748CF1 /* Blanco-Bold.otf */; };
		22D5738C2282553500748CF1 /* Blanco-BoldItalic.otf in Resources */ = {isa = PBXBuildFile; fileRef = 22D573842282553500748CF1 /* Blanco-BoldItalic.otf */; };
		22D5739522825C2400748CF1 /* BOMenuViewModel.swift in Sources */ = {isa = PBXBuildFile; fileRef = 22D5739422825C2400748CF1 /* BOMenuViewModel.swift */; };
		22D5739722825E9300748CF1 /* BOMenuView.swift in Sources */ = {isa = PBXBuildFile; fileRef = 22D5739622825E9300748CF1 /* BOMenuView.swift */; };
		22D5739C22825F8300748CF1 /* BOMenuView.xib in Resources */ = {isa = PBXBuildFile; fileRef = 22D5739B22825F8300748CF1 /* BOMenuView.xib */; };
		22D6B8532252A3B4004A33DE /* BODetailItem.swift in Sources */ = {isa = PBXBuildFile; fileRef = 22D6B8522252A3B4004A33DE /* BODetailItem.swift */; };
		22EB39BD222E0702001043E2 /* AppDelegate.swift in Sources */ = {isa = PBXBuildFile; fileRef = 22EB39BC222E0702001043E2 /* AppDelegate.swift */; };
		22EB39C4222E0703001043E2 /* Assets.xcassets in Resources */ = {isa = PBXBuildFile; fileRef = 22EB39C3222E0703001043E2 /* Assets.xcassets */; };
		22EB39D2222E0703001043E2 /* BestOffTests.swift in Sources */ = {isa = PBXBuildFile; fileRef = 22EB39D1222E0703001043E2 /* BestOffTests.swift */; };
		22EB39DD222E0703001043E2 /* BestOffUITests.swift in Sources */ = {isa = PBXBuildFile; fileRef = 22EB39DC222E0703001043E2 /* BestOffUITests.swift */; };
		22F7A68622974F6700BAE115 /* Extension+UITableView.swift in Sources */ = {isa = PBXBuildFile; fileRef = 22F7A68522974F6700BAE115 /* Extension+UITableView.swift */; };
		22F897862265F87C001E48BE /* BOCatItem.swift in Sources */ = {isa = PBXBuildFile; fileRef = 22F897852265F87C001E48BE /* BOCatItem.swift */; };
		22F897882265FA10001E48BE /* BOCoordinator.swift in Sources */ = {isa = PBXBuildFile; fileRef = 22F897872265FA10001E48BE /* BOCoordinator.swift */; };
		22F897922265FC09001E48BE /* BOGuideViewController.swift in Sources */ = {isa = PBXBuildFile; fileRef = 22F897902265FC09001E48BE /* BOGuideViewController.swift */; };
		22F897932265FC09001E48BE /* BOGuideViewController.xib in Resources */ = {isa = PBXBuildFile; fileRef = 22F897912265FC09001E48BE /* BOGuideViewController.xib */; };
		22F897952265FC17001E48BE /* BOGuideViewModel.swift in Sources */ = {isa = PBXBuildFile; fileRef = 22F897942265FC17001E48BE /* BOGuideViewModel.swift */; };
		22F897972265FC4A001E48BE /* BOMainCoordinator.swift in Sources */ = {isa = PBXBuildFile; fileRef = 22F897962265FC4A001E48BE /* BOMainCoordinator.swift */; };
		22F897992265FC78001E48BE /* BOAppCoordinator.swift in Sources */ = {isa = PBXBuildFile; fileRef = 22F897982265FC78001E48BE /* BOAppCoordinator.swift */; };
		22F8979F226625CF001E48BE /* BOTableProtocol.swift in Sources */ = {isa = PBXBuildFile; fileRef = 22F8979E226625CF001E48BE /* BOTableProtocol.swift */; };
		22F897A122662D63001E48BE /* BOGuideTableDataSource.swift in Sources */ = {isa = PBXBuildFile; fileRef = 22F897A022662D63001E48BE /* BOGuideTableDataSource.swift */; };
		22F897A8226634B5001E48BE /* CategoryProtocol.swift in Sources */ = {isa = PBXBuildFile; fileRef = 22F897A7226634B5001E48BE /* CategoryProtocol.swift */; };
		22F897AC22663AFF001E48BE /* BOViewModel.swift in Sources */ = {isa = PBXBuildFile; fileRef = 22F897AB22663AFF001E48BE /* BOViewModel.swift */; };
		22F897AE22663B7F001E48BE /* ViewModelProtocols.swift in Sources */ = {isa = PBXBuildFile; fileRef = 22F897AD22663B7F001E48BE /* ViewModelProtocols.swift */; };
		22FE601F229E3788008190C7 /* FavouriteManager.swift in Sources */ = {isa = PBXBuildFile; fileRef = 22FE601E229E3788008190C7 /* FavouriteManager.swift */; };
		39DD8B45ECF9C9BA92EB8630 /* Pods_BestOffUITests.framework in Frameworks */ = {isa = PBXBuildFile; fileRef = 891561AA4457B83C862E8D58 /* Pods_BestOffUITests.framework */; };
		4427684C8125FD476322F7B1 /* Pods_BestOff.framework in Frameworks */ = {isa = PBXBuildFile; fileRef = 23D15D311242B54A326E2C9F /* Pods_BestOff.framework */; };
		5DC8DE16556E0AAB8125408F /* Pods_BestOffTests.framework in Frameworks */ = {isa = PBXBuildFile; fileRef = 20E0E67D1EEFED2DADD21D2E /* Pods_BestOffTests.framework */; };
/* End PBXBuildFile section */

/* Begin PBXContainerItemProxy section */
		22EB39CE222E0703001043E2 /* PBXContainerItemProxy */ = {
			isa = PBXContainerItemProxy;
			containerPortal = 22EB39B1222E0702001043E2 /* Project object */;
			proxyType = 1;
			remoteGlobalIDString = 22EB39B8222E0702001043E2;
			remoteInfo = BestOff;
		};
		22EB39D9222E0703001043E2 /* PBXContainerItemProxy */ = {
			isa = PBXContainerItemProxy;
			containerPortal = 22EB39B1222E0702001043E2 /* Project object */;
			proxyType = 1;
			remoteGlobalIDString = 22EB39B8222E0702001043E2;
			remoteInfo = BestOff;
		};
/* End PBXContainerItemProxy section */

/* Begin PBXFileReference section */
		20E0E67D1EEFED2DADD21D2E /* Pods_BestOffTests.framework */ = {isa = PBXFileReference; explicitFileType = wrapper.framework; includeInIndex = 0; path = Pods_BestOffTests.framework; sourceTree = BUILT_PRODUCTS_DIR; };
		221EC5AC228A10E50051EC42 /* DoubleItemCell.swift */ = {isa = PBXFileReference; lastKnownFileType = sourcecode.swift; path = DoubleItemCell.swift; sourceTree = "<group>"; };
		221EC5AD228A10E50051EC42 /* DoubleItemCell.xib */ = {isa = PBXFileReference; lastKnownFileType = file.xib; path = DoubleItemCell.xib; sourceTree = "<group>"; };
		22267C2022654E19007E7B40 /* BOCategoryService.swift */ = {isa = PBXFileReference; lastKnownFileType = sourcecode.swift; path = BOCategoryService.swift; sourceTree = "<group>"; };
		22267C2222654E8E007E7B40 /* BOCategoryModel.swift */ = {isa = PBXFileReference; lastKnownFileType = sourcecode.swift; path = BOCategoryModel.swift; sourceTree = "<group>"; };
		22267C252265615E007E7B40 /* Extension+Collection.swift */ = {isa = PBXFileReference; lastKnownFileType = sourcecode.swift; path = "Extension+Collection.swift"; sourceTree = "<group>"; };
		22267C2922656175007E7B40 /* Extension+String.swift */ = {isa = PBXFileReference; lastKnownFileType = sourcecode.swift; path = "Extension+String.swift"; sourceTree = "<group>"; };
		22267C2D22656C34007E7B40 /* StyleGuideAutoGenerated.swift */ = {isa = PBXFileReference; fileEncoding = 4; lastKnownFileType = sourcecode.swift; path = StyleGuideAutoGenerated.swift; sourceTree = "<group>"; };
		222D8B96227FC8130039C860 /* BOCatHeaderCell.swift */ = {isa = PBXFileReference; lastKnownFileType = sourcecode.swift; path = BOCatHeaderCell.swift; sourceTree = "<group>"; };
		222D8B97227FC8130039C860 /* BOCatHeaderCell.xib */ = {isa = PBXFileReference; lastKnownFileType = file.xib; path = BOCatHeaderCell.xib; sourceTree = "<group>"; };
		22326B57229370BB0056DAC9 /* Extension+Int.swift */ = {isa = PBXFileReference; lastKnownFileType = sourcecode.swift; path = "Extension+Int.swift"; sourceTree = "<group>"; };
		22326B5B22938E770056DAC9 /* RvkAndIcelandDataSource.swift */ = {isa = PBXFileReference; lastKnownFileType = sourcecode.swift; path = RvkAndIcelandDataSource.swift; sourceTree = "<group>"; };
		22326B652293A48F0056DAC9 /* CategoryWinnerCell.swift */ = {isa = PBXFileReference; lastKnownFileType = sourcecode.swift; path = CategoryWinnerCell.swift; sourceTree = "<group>"; };
		22326B662293A48F0056DAC9 /* CategoryWinnerCell.xib */ = {isa = PBXFileReference; lastKnownFileType = file.xib; path = CategoryWinnerCell.xib; sourceTree = "<group>"; };
		22326B692293AE7C0056DAC9 /* Extensions+Array.swift */ = {isa = PBXFileReference; lastKnownFileType = sourcecode.swift; path = "Extensions+Array.swift"; sourceTree = "<group>"; };
		22326B6C229402370056DAC9 /* Extensions+UIView.swift */ = {isa = PBXFileReference; lastKnownFileType = sourcecode.swift; path = "Extensions+UIView.swift"; sourceTree = "<group>"; };
		22326B6E229449A20056DAC9 /* BOSpecificCatWinnersDataSource.swift */ = {isa = PBXFileReference; lastKnownFileType = sourcecode.swift; path = BOSpecificCatWinnersDataSource.swift; sourceTree = "<group>"; };
		22326B71229462BD0056DAC9 /* BOBigCatImgCell.swift */ = {isa = PBXFileReference; lastKnownFileType = sourcecode.swift; path = BOBigCatImgCell.swift; sourceTree = "<group>"; };
		22326B72229462BD0056DAC9 /* BOBigCatImgCell.xib */ = {isa = PBXFileReference; lastKnownFileType = file.xib; path = BOBigCatImgCell.xib; sourceTree = "<group>"; };
		22326B752294A8C00056DAC9 /* DoubleItemImgCell.swift */ = {isa = PBXFileReference; lastKnownFileType = sourcecode.swift; path = DoubleItemImgCell.swift; sourceTree = "<group>"; };
		22326B762294A8C00056DAC9 /* DoubleItemImgCell.xib */ = {isa = PBXFileReference; lastKnownFileType = file.xib; path = DoubleItemImgCell.xib; sourceTree = "<group>"; };
		223EE421227B51830048D42E /* Images.swift */ = {isa = PBXFileReference; lastKnownFileType = sourcecode.swift; path = Images.swift; sourceTree = "<group>"; };
		223EE423227BA5BD0048D42E /* BOHeaderViewModel.swift */ = {isa = PBXFileReference; lastKnownFileType = sourcecode.swift; path = BOHeaderViewModel.swift; sourceTree = "<group>"; };
		223EE425227BC6630048D42E /* TopGuideCell.swift */ = {isa = PBXFileReference; lastKnownFileType = sourcecode.swift; path = TopGuideCell.swift; sourceTree = "<group>"; };
		223EE426227BC6630048D42E /* TopGuideCell.xib */ = {isa = PBXFileReference; lastKnownFileType = file.xib; path = TopGuideCell.xib; sourceTree = "<group>"; };
		22446C9A227F29F50017512F /* GuideCell.swift */ = {isa = PBXFileReference; lastKnownFileType = sourcecode.swift; path = GuideCell.swift; sourceTree = "<group>"; };
		2250D875226A87D600AD3363 /* guides.json */ = {isa = PBXFileReference; fileEncoding = 4; lastKnownFileType = text.json; path = guides.json; sourceTree = "<group>"; };
		2251583E228CB5E3006BC71B /* BOGuideDetailTableDataSource.swift */ = {isa = PBXFileReference; lastKnownFileType = sourcecode.swift; path = BOGuideDetailTableDataSource.swift; sourceTree = "<group>"; };
		226E0AD52256B34A006AB3E2 /* BOAuthor.swift */ = {isa = PBXFileReference; fileEncoding = 4; lastKnownFileType = sourcecode.swift; path = BOAuthor.swift; sourceTree = "<group>"; };
		22747CCC228DE62500B35DA7 /* BOCatItemTextDescriptionCell.swift */ = {isa = PBXFileReference; lastKnownFileType = sourcecode.swift; path = BOCatItemTextDescriptionCell.swift; sourceTree = "<group>"; };
		22747CCD228DE62500B35DA7 /* BOCatItemTextDescriptionCell.xib */ = {isa = PBXFileReference; lastKnownFileType = file.xib; path = BOCatItemTextDescriptionCell.xib; sourceTree = "<group>"; };
		22747CD0228E2FCC00B35DA7 /* GuideItemCell.swift */ = {isa = PBXFileReference; lastKnownFileType = sourcecode.swift; path = GuideItemCell.swift; sourceTree = "<group>"; };
		22747CD1228E2FCC00B35DA7 /* GuideItemCell.xib */ = {isa = PBXFileReference; lastKnownFileType = file.xib; path = GuideItemCell.xib; sourceTree = "<group>"; };
		22762D312268DEA7003D9AAD /* drinking.json */ = {isa = PBXFileReference; fileEncoding = 4; lastKnownFileType = text.json; path = drinking.json; sourceTree = "<group>"; };
		22762D332268E021003D9AAD /* drinkingFail.json */ = {isa = PBXFileReference; fileEncoding = 4; lastKnownFileType = text.json; path = drinkingFail.json; sourceTree = "<group>"; };
		22AA85832277C53B003B15F1 /* ShowsErrorProtocol.swift */ = {isa = PBXFileReference; lastKnownFileType = sourcecode.swift; path = ShowsErrorProtocol.swift; sourceTree = "<group>"; };
		22AA85862277C99A003B15F1 /* LaunchScreen.storyboard */ = {isa = PBXFileReference; lastKnownFileType = file.storyboard; path = LaunchScreen.storyboard; sourceTree = "<group>"; };
		22AA858A2277D50B003B15F1 /* BOAppHeaderView.swift */ = {isa = PBXFileReference; lastKnownFileType = sourcecode.swift; path = BOAppHeaderView.swift; sourceTree = "<group>"; };
		22AA858C2277D518003B15F1 /* BOTableViewHeader.xib */ = {isa = PBXFileReference; lastKnownFileType = file.xib; path = BOTableViewHeader.xib; sourceTree = "<group>"; };
		22AA858F2277DC60003B15F1 /* UIColor+Additions.swift */ = {isa = PBXFileReference; fileEncoding = 4; lastKnownFileType = sourcecode.swift; path = "UIColor+Additions.swift"; sourceTree = "<group>"; };
		22B506D9224DAF2200F66FDB /* BOEndpoint.swift */ = {isa = PBXFileReference; lastKnownFileType = sourcecode.swift; path = BOEndpoint.swift; sourceTree = "<group>"; };
		22B506DC224DC09A00F66FDB /* NetworkError.swift */ = {isa = PBXFileReference; lastKnownFileType = sourcecode.swift; path = NetworkError.swift; sourceTree = "<group>"; };
		22C82DE4229CCF6D009B3668 /* BOFavouritesDataSource.swift */ = {isa = PBXFileReference; lastKnownFileType = sourcecode.swift; path = BOFavouritesDataSource.swift; sourceTree = "<group>"; };
		22C82DEC229CE246009B3668 /* BOFavHeaderCell.swift */ = {isa = PBXFileReference; lastKnownFileType = sourcecode.swift; path = BOFavHeaderCell.swift; sourceTree = "<group>"; };
		22C82DED229CE246009B3668 /* BOFavHeaderCell.xib */ = {isa = PBXFileReference; lastKnownFileType = file.xib; path = BOFavHeaderCell.xib; sourceTree = "<group>"; };
		22D1D8D3228A54290003D649 /* UIImageView+Extension.swift */ = {isa = PBXFileReference; lastKnownFileType = sourcecode.swift; path = "UIImageView+Extension.swift"; sourceTree = "<group>"; };
		22D5737D2282553400748CF1 /* Blanco-Italic.otf */ = {isa = PBXFileReference; lastKnownFileType = file; path = "Blanco-Italic.otf"; sourceTree = "<group>"; };
		22D5737E2282553400748CF1 /* Blanco-MediumItalic.otf */ = {isa = PBXFileReference; lastKnownFileType = file; path = "Blanco-MediumItalic.otf"; sourceTree = "<group>"; };
		22D5737F2282553500748CF1 /* Blanco-ExtraBold.otf */ = {isa = PBXFileReference; lastKnownFileType = file; path = "Blanco-ExtraBold.otf"; sourceTree = "<group>"; };
		22D573802282553500748CF1 /* Blanco-Medium.otf */ = {isa = PBXFileReference; lastKnownFileType = file; path = "Blanco-Medium.otf"; sourceTree = "<group>"; };
		22D573812282553500748CF1 /* Blanco-ExtraBoldItalic.otf */ = {isa = PBXFileReference; lastKnownFileType = file; path = "Blanco-ExtraBoldItalic.otf"; sourceTree = "<group>"; };
		22D573822282553500748CF1 /* Blanco-Regular.otf */ = {isa = PBXFileReference; lastKnownFileType = file; path = "Blanco-Regular.otf"; sourceTree = "<group>"; };
		22D573832282553500748CF1 /* Blanco-Bold.otf */ = {isa = PBXFileReference; lastKnownFileType = file; path = "Blanco-Bold.otf"; sourceTree = "<group>"; };
		22D573842282553500748CF1 /* Blanco-BoldItalic.otf */ = {isa = PBXFileReference; lastKnownFileType = file; path = "Blanco-BoldItalic.otf"; sourceTree = "<group>"; };
		22D5739422825C2400748CF1 /* BOMenuViewModel.swift */ = {isa = PBXFileReference; lastKnownFileType = sourcecode.swift; path = BOMenuViewModel.swift; sourceTree = "<group>"; };
		22D5739622825E9300748CF1 /* BOMenuView.swift */ = {isa = PBXFileReference; lastKnownFileType = sourcecode.swift; path = BOMenuView.swift; sourceTree = "<group>"; };
		22D5739B22825F8300748CF1 /* BOMenuView.xib */ = {isa = PBXFileReference; lastKnownFileType = file.xib; path = BOMenuView.xib; sourceTree = "<group>"; };
		22D6B8522252A3B4004A33DE /* BODetailItem.swift */ = {isa = PBXFileReference; lastKnownFileType = sourcecode.swift; path = BODetailItem.swift; sourceTree = "<group>"; };
		22EB39B9222E0702001043E2 /* BestOff.app */ = {isa = PBXFileReference; explicitFileType = wrapper.application; includeInIndex = 0; path = BestOff.app; sourceTree = BUILT_PRODUCTS_DIR; };
		22EB39BC222E0702001043E2 /* AppDelegate.swift */ = {isa = PBXFileReference; lastKnownFileType = sourcecode.swift; path = AppDelegate.swift; sourceTree = "<group>"; };
		22EB39C3222E0703001043E2 /* Assets.xcassets */ = {isa = PBXFileReference; lastKnownFileType = folder.assetcatalog; path = Assets.xcassets; sourceTree = "<group>"; };
		22EB39C8222E0703001043E2 /* Info.plist */ = {isa = PBXFileReference; lastKnownFileType = text.plist.xml; path = Info.plist; sourceTree = "<group>"; };
		22EB39CD222E0703001043E2 /* BestOffTests.xctest */ = {isa = PBXFileReference; explicitFileType = wrapper.cfbundle; includeInIndex = 0; path = BestOffTests.xctest; sourceTree = BUILT_PRODUCTS_DIR; };
		22EB39D1222E0703001043E2 /* BestOffTests.swift */ = {isa = PBXFileReference; lastKnownFileType = sourcecode.swift; path = BestOffTests.swift; sourceTree = "<group>"; };
		22EB39D3222E0703001043E2 /* Info.plist */ = {isa = PBXFileReference; lastKnownFileType = text.plist.xml; path = Info.plist; sourceTree = "<group>"; };
		22EB39D8222E0703001043E2 /* BestOffUITests.xctest */ = {isa = PBXFileReference; explicitFileType = wrapper.cfbundle; includeInIndex = 0; path = BestOffUITests.xctest; sourceTree = BUILT_PRODUCTS_DIR; };
		22EB39DC222E0703001043E2 /* BestOffUITests.swift */ = {isa = PBXFileReference; lastKnownFileType = sourcecode.swift; path = BestOffUITests.swift; sourceTree = "<group>"; };
		22EB39DE222E0703001043E2 /* Info.plist */ = {isa = PBXFileReference; lastKnownFileType = text.plist.xml; path = Info.plist; sourceTree = "<group>"; };
		22F7A68522974F6700BAE115 /* Extension+UITableView.swift */ = {isa = PBXFileReference; lastKnownFileType = sourcecode.swift; path = "Extension+UITableView.swift"; sourceTree = "<group>"; };
		22F897852265F87C001E48BE /* BOCatItem.swift */ = {isa = PBXFileReference; lastKnownFileType = sourcecode.swift; path = BOCatItem.swift; sourceTree = "<group>"; };
		22F897872265FA10001E48BE /* BOCoordinator.swift */ = {isa = PBXFileReference; lastKnownFileType = sourcecode.swift; path = BOCoordinator.swift; sourceTree = "<group>"; };
		22F897902265FC09001E48BE /* BOGuideViewController.swift */ = {isa = PBXFileReference; lastKnownFileType = sourcecode.swift; path = BOGuideViewController.swift; sourceTree = "<group>"; };
		22F897912265FC09001E48BE /* BOGuideViewController.xib */ = {isa = PBXFileReference; lastKnownFileType = file.xib; path = BOGuideViewController.xib; sourceTree = "<group>"; };
		22F897942265FC17001E48BE /* BOGuideViewModel.swift */ = {isa = PBXFileReference; lastKnownFileType = sourcecode.swift; path = BOGuideViewModel.swift; sourceTree = "<group>"; };
		22F897962265FC4A001E48BE /* BOMainCoordinator.swift */ = {isa = PBXFileReference; lastKnownFileType = sourcecode.swift; path = BOMainCoordinator.swift; sourceTree = "<group>"; };
		22F897982265FC78001E48BE /* BOAppCoordinator.swift */ = {isa = PBXFileReference; lastKnownFileType = sourcecode.swift; path = BOAppCoordinator.swift; sourceTree = "<group>"; };
		22F8979E226625CF001E48BE /* BOTableProtocol.swift */ = {isa = PBXFileReference; lastKnownFileType = sourcecode.swift; path = BOTableProtocol.swift; sourceTree = "<group>"; };
		22F897A022662D63001E48BE /* BOGuideTableDataSource.swift */ = {isa = PBXFileReference; lastKnownFileType = sourcecode.swift; path = BOGuideTableDataSource.swift; sourceTree = "<group>"; };
		22F897A7226634B5001E48BE /* CategoryProtocol.swift */ = {isa = PBXFileReference; lastKnownFileType = sourcecode.swift; path = CategoryProtocol.swift; sourceTree = "<group>"; };
		22F897AB22663AFF001E48BE /* BOViewModel.swift */ = {isa = PBXFileReference; lastKnownFileType = sourcecode.swift; path = BOViewModel.swift; sourceTree = "<group>"; };
		22F897AD22663B7F001E48BE /* ViewModelProtocols.swift */ = {isa = PBXFileReference; fileEncoding = 4; lastKnownFileType = sourcecode.swift; path = ViewModelProtocols.swift; sourceTree = "<group>"; };
		22FE601E229E3788008190C7 /* FavouriteManager.swift */ = {isa = PBXFileReference; lastKnownFileType = sourcecode.swift; path = FavouriteManager.swift; sourceTree = "<group>"; };
		23D15D311242B54A326E2C9F /* Pods_BestOff.framework */ = {isa = PBXFileReference; explicitFileType = wrapper.framework; includeInIndex = 0; path = Pods_BestOff.framework; sourceTree = BUILT_PRODUCTS_DIR; };
		4AAE9F091A4026DD5612C114 /* Pods-BestOff.release.xcconfig */ = {isa = PBXFileReference; includeInIndex = 1; lastKnownFileType = text.xcconfig; name = "Pods-BestOff.release.xcconfig"; path = "Target Support Files/Pods-BestOff/Pods-BestOff.release.xcconfig"; sourceTree = "<group>"; };
		833CCF5BE5C2950B6C95E771 /* Pods-BestOff.debug.xcconfig */ = {isa = PBXFileReference; includeInIndex = 1; lastKnownFileType = text.xcconfig; name = "Pods-BestOff.debug.xcconfig"; path = "Target Support Files/Pods-BestOff/Pods-BestOff.debug.xcconfig"; sourceTree = "<group>"; };
		891561AA4457B83C862E8D58 /* Pods_BestOffUITests.framework */ = {isa = PBXFileReference; explicitFileType = wrapper.framework; includeInIndex = 0; path = Pods_BestOffUITests.framework; sourceTree = BUILT_PRODUCTS_DIR; };
		9388F1875E1DDD7937D1EBBD /* Pods-BestOffTests.debug.xcconfig */ = {isa = PBXFileReference; includeInIndex = 1; lastKnownFileType = text.xcconfig; name = "Pods-BestOffTests.debug.xcconfig"; path = "Target Support Files/Pods-BestOffTests/Pods-BestOffTests.debug.xcconfig"; sourceTree = "<group>"; };
		B26AC2CDC231DE6C9F324734 /* Pods-BestOffUITests.debug.xcconfig */ = {isa = PBXFileReference; includeInIndex = 1; lastKnownFileType = text.xcconfig; name = "Pods-BestOffUITests.debug.xcconfig"; path = "Target Support Files/Pods-BestOffUITests/Pods-BestOffUITests.debug.xcconfig"; sourceTree = "<group>"; };
		C8B01FC33A68D03E5C4894F4 /* Pods-BestOffTests.release.xcconfig */ = {isa = PBXFileReference; includeInIndex = 1; lastKnownFileType = text.xcconfig; name = "Pods-BestOffTests.release.xcconfig"; path = "Target Support Files/Pods-BestOffTests/Pods-BestOffTests.release.xcconfig"; sourceTree = "<group>"; };
		EBC0830752532848125DE7AD /* Pods-BestOffUITests.release.xcconfig */ = {isa = PBXFileReference; includeInIndex = 1; lastKnownFileType = text.xcconfig; name = "Pods-BestOffUITests.release.xcconfig"; path = "Target Support Files/Pods-BestOffUITests/Pods-BestOffUITests.release.xcconfig"; sourceTree = "<group>"; };
/* End PBXFileReference section */

/* Begin PBXFrameworksBuildPhase section */
		22EB39B6222E0702001043E2 /* Frameworks */ = {
			isa = PBXFrameworksBuildPhase;
			buildActionMask = 2147483647;
			files = (
				4427684C8125FD476322F7B1 /* Pods_BestOff.framework in Frameworks */,
			);
			runOnlyForDeploymentPostprocessing = 0;
		};
		22EB39CA222E0703001043E2 /* Frameworks */ = {
			isa = PBXFrameworksBuildPhase;
			buildActionMask = 2147483647;
			files = (
				5DC8DE16556E0AAB8125408F /* Pods_BestOffTests.framework in Frameworks */,
			);
			runOnlyForDeploymentPostprocessing = 0;
		};
		22EB39D5222E0703001043E2 /* Frameworks */ = {
			isa = PBXFrameworksBuildPhase;
			buildActionMask = 2147483647;
			files = (
				39DD8B45ECF9C9BA92EB8630 /* Pods_BestOffUITests.framework in Frameworks */,
			);
			runOnlyForDeploymentPostprocessing = 0;
		};
/* End PBXFrameworksBuildPhase section */

/* Begin PBXGroup section */
		221EC5B0228A11210051EC42 /* DoubleItemCell */ = {
			isa = PBXGroup;
			children = (
				221EC5AC228A10E50051EC42 /* DoubleItemCell.swift */,
				221EC5AD228A10E50051EC42 /* DoubleItemCell.xib */,
				22326B752294A8C00056DAC9 /* DoubleItemImgCell.swift */,
				22326B762294A8C00056DAC9 /* DoubleItemImgCell.xib */,
			);
			path = DoubleItemCell;
			sourceTree = "<group>";
		};
		22267C2422656142007E7B40 /* Extensions And Protocols */ = {
			isa = PBXGroup;
			children = (
				22267C252265615E007E7B40 /* Extension+Collection.swift */,
				22267C2922656175007E7B40 /* Extension+String.swift */,
				22F8979E226625CF001E48BE /* BOTableProtocol.swift */,
				22F897A7226634B5001E48BE /* CategoryProtocol.swift */,
				22F897AD22663B7F001E48BE /* ViewModelProtocols.swift */,
				22F897AB22663AFF001E48BE /* BOViewModel.swift */,
				22AA85832277C53B003B15F1 /* ShowsErrorProtocol.swift */,
				223EE421227B51830048D42E /* Images.swift */,
				22446C9A227F29F50017512F /* GuideCell.swift */,
				22D1D8D3228A54290003D649 /* UIImageView+Extension.swift */,
				22326B57229370BB0056DAC9 /* Extension+Int.swift */,
				22326B692293AE7C0056DAC9 /* Extensions+Array.swift */,
				22326B6C229402370056DAC9 /* Extensions+UIView.swift */,
				22F7A68522974F6700BAE115 /* Extension+UITableView.swift */,
			);
			path = "Extensions And Protocols";
			sourceTree = "<group>";
		};
		222BF8AD222F44600006D920 /* Models */ = {
			isa = PBXGroup;
			children = (
				22CEF338224E1BC500A6688A /* Categories */,
			);
			path = Models;
			sourceTree = "<group>";
		};
		222D8B8F227FC41A0039C860 /* AppHeader */ = {
			isa = PBXGroup;
			children = (
				223EE423227BA5BD0048D42E /* BOHeaderViewModel.swift */,
				22AA858A2277D50B003B15F1 /* BOAppHeaderView.swift */,
				22AA858C2277D518003B15F1 /* BOTableViewHeader.xib */,
			);
			path = AppHeader;
			sourceTree = "<group>";
		};
		22326B5F22938EA30056DAC9 /* TableDataSources */ = {
			isa = PBXGroup;
			children = (
				22C82DE3229CCF45009B3668 /* FavouriteDataSource */,
				22326B6222938ED20056DAC9 /* Category */,
				22326B6122938EC60056DAC9 /* GuideDetail */,
				22326B6022938EBD0056DAC9 /* Guide */,
			);
			path = TableDataSources;
			sourceTree = "<group>";
		};
		22326B6022938EBD0056DAC9 /* Guide */ = {
			isa = PBXGroup;
			children = (
				22F897A022662D63001E48BE /* BOGuideTableDataSource.swift */,
			);
			path = Guide;
			sourceTree = "<group>";
		};
		22326B6122938EC60056DAC9 /* GuideDetail */ = {
			isa = PBXGroup;
			children = (
				2251583E228CB5E3006BC71B /* BOGuideDetailTableDataSource.swift */,
			);
			path = GuideDetail;
			sourceTree = "<group>";
		};
		22326B6222938ED20056DAC9 /* Category */ = {
			isa = PBXGroup;
			children = (
				22326B5B22938E770056DAC9 /* RvkAndIcelandDataSource.swift */,
				22326B6E229449A20056DAC9 /* BOSpecificCatWinnersDataSource.swift */,
			);
			path = Category;
			sourceTree = "<group>";
		};
		22326B632293A4200056DAC9 /* CategoryWinners */ = {
			isa = PBXGroup;
			children = (
				22326B71229462BD0056DAC9 /* BOBigCatImgCell.swift */,
				22326B72229462BD0056DAC9 /* BOBigCatImgCell.xib */,
				22326B652293A48F0056DAC9 /* CategoryWinnerCell.swift */,
				22326B662293A48F0056DAC9 /* CategoryWinnerCell.xib */,
			);
			path = CategoryWinners;
			sourceTree = "<group>";
		};
		22326B6B2293EB690056DAC9 /* Cells */ = {
			isa = PBXGroup;
			children = (
				22C82DF0229CE24B009B3668 /* BOFavHeaderCell */,
				221EC5B0228A11210051EC42 /* DoubleItemCell */,
				2251583B228C8C06006BC71B /* GuideDetail */,
				2251583A228C8BFA006BC71B /* GuideList */,
				22326B632293A4200056DAC9 /* CategoryWinners */,
			);
			path = Cells;
			sourceTree = "<group>";
		};
		2251583A228C8BFA006BC71B /* GuideList */ = {
			isa = PBXGroup;
			children = (
				223EE425227BC6630048D42E /* TopGuideCell.swift */,
				223EE426227BC6630048D42E /* TopGuideCell.xib */,
				222D8B96227FC8130039C860 /* BOCatHeaderCell.swift */,
				222D8B97227FC8130039C860 /* BOCatHeaderCell.xib */,
			);
			path = GuideList;
			sourceTree = "<group>";
		};
		2251583B228C8C06006BC71B /* GuideDetail */ = {
			isa = PBXGroup;
			children = (
				22747CCC228DE62500B35DA7 /* BOCatItemTextDescriptionCell.swift */,
				22747CCD228DE62500B35DA7 /* BOCatItemTextDescriptionCell.xib */,
				22747CD0228E2FCC00B35DA7 /* GuideItemCell.swift */,
				22747CD1228E2FCC00B35DA7 /* GuideItemCell.xib */,
			);
			path = GuideDetail;
			sourceTree = "<group>";
		};
		22762D302268DE99003D9AAD /* JSON */ = {
			isa = PBXGroup;
			children = (
				2250D875226A87D600AD3363 /* guides.json */,
				22762D332268E021003D9AAD /* drinkingFail.json */,
				22762D312268DEA7003D9AAD /* drinking.json */,
			);
			path = JSON;
			sourceTree = "<group>";
		};
		22AA85852277C97F003B15F1 /* Launch Screen */ = {
			isa = PBXGroup;
			children = (
				22AA85862277C99A003B15F1 /* LaunchScreen.storyboard */,
			);
			path = "Launch Screen";
			sourceTree = "<group>";
		};
		22AA85882277D4E3003B15F1 /* CustomViews */ = {
			isa = PBXGroup;
			children = (
				22D5739822825E9E00748CF1 /* MenuView */,
				222D8B8F227FC41A0039C860 /* AppHeader */,
			);
			path = CustomViews;
			sourceTree = "<group>";
		};
		22AA85892277D4E9003B15F1 /* UI */ = {
			isa = PBXGroup;
			children = (
				22AA858E2277DC52003B15F1 /* Colors */,
				22AA85882277D4E3003B15F1 /* CustomViews */,
				22F8978E2265FBE3001E48BE /* ViewControllers & ViewModels */,
			);
			path = UI;
			sourceTree = "<group>";
		};
		22AA858E2277DC52003B15F1 /* Colors */ = {
			isa = PBXGroup;
			children = (
				22AA858F2277DC60003B15F1 /* UIColor+Additions.swift */,
			);
			path = Colors;
			sourceTree = "<group>";
		};
		22B506D8224DAEE800F66FDB /* Networking */ = {
			isa = PBXGroup;
			children = (
				22B506DB224DC08300F66FDB /* Services */,
				22B506D9224DAF2200F66FDB /* BOEndpoint.swift */,
				22B506DC224DC09A00F66FDB /* NetworkError.swift */,
			);
			path = Networking;
			sourceTree = "<group>";
		};
		22B506DB224DC08300F66FDB /* Services */ = {
			isa = PBXGroup;
			children = (
				22267C2022654E19007E7B40 /* BOCategoryService.swift */,
			);
			path = Services;
			sourceTree = "<group>";
		};
		22C82DE3229CCF45009B3668 /* FavouriteDataSource */ = {
			isa = PBXGroup;
			children = (
				22C82DE4229CCF6D009B3668 /* BOFavouritesDataSource.swift */,
			);
			path = FavouriteDataSource;
			sourceTree = "<group>";
		};
		22C82DF0229CE24B009B3668 /* BOFavHeaderCell */ = {
			isa = PBXGroup;
			children = (
				22C82DEC229CE246009B3668 /* BOFavHeaderCell.swift */,
				22C82DED229CE246009B3668 /* BOFavHeaderCell.xib */,
			);
			path = BOFavHeaderCell;
			sourceTree = "<group>";
		};
		22CEF338224E1BC500A6688A /* Categories */ = {
			isa = PBXGroup;
			children = (
				22D6B8522252A3B4004A33DE /* BODetailItem.swift */,
				226E0AD52256B34A006AB3E2 /* BOAuthor.swift */,
				22267C2222654E8E007E7B40 /* BOCategoryModel.swift */,
				22F897852265F87C001E48BE /* BOCatItem.swift */,
			);
			path = Categories;
			sourceTree = "<group>";
		};
		22D5737C2282551F00748CF1 /* Fonts */ = {
			isa = PBXGroup;
			children = (
				22267C2D22656C34007E7B40 /* StyleGuideAutoGenerated.swift */,
				22D573832282553500748CF1 /* Blanco-Bold.otf */,
				22D573842282553500748CF1 /* Blanco-BoldItalic.otf */,
				22D5737F2282553500748CF1 /* Blanco-ExtraBold.otf */,
				22D573812282553500748CF1 /* Blanco-ExtraBoldItalic.otf */,
				22D5737D2282553400748CF1 /* Blanco-Italic.otf */,
				22D573802282553500748CF1 /* Blanco-Medium.otf */,
				22D5737E2282553400748CF1 /* Blanco-MediumItalic.otf */,
				22D573822282553500748CF1 /* Blanco-Regular.otf */,
			);
			path = Fonts;
			sourceTree = "<group>";
		};
		22D5739822825E9E00748CF1 /* MenuView */ = {
			isa = PBXGroup;
			children = (
				22D5739422825C2400748CF1 /* BOMenuViewModel.swift */,
				22D5739622825E9300748CF1 /* BOMenuView.swift */,
				22D5739B22825F8300748CF1 /* BOMenuView.xib */,
			);
			path = MenuView;
			sourceTree = "<group>";
		};
		22EB39B0222E0702001043E2 = {
			isa = PBXGroup;
			children = (
				22EB39BB222E0702001043E2 /* BestOff */,
				22EB39D0222E0703001043E2 /* BestOffTests */,
				22EB39DB222E0703001043E2 /* BestOffUITests */,
				22EB39BA222E0702001043E2 /* Products */,
				72FB35C968BA2CE6BDF0A816 /* Pods */,
				A04B896A9337CCB36ABB2BAE /* Frameworks */,
			);
			sourceTree = "<group>";
		};
		22EB39BA222E0702001043E2 /* Products */ = {
			isa = PBXGroup;
			children = (
				22EB39B9222E0702001043E2 /* BestOff.app */,
				22EB39CD222E0703001043E2 /* BestOffTests.xctest */,
				22EB39D8222E0703001043E2 /* BestOffUITests.xctest */,
			);
			name = Products;
			sourceTree = "<group>";
		};
		22EB39BB222E0702001043E2 /* BestOff */ = {
			isa = PBXGroup;
			children = (
				22D5737C2282551F00748CF1 /* Fonts */,
				22AA85892277D4E9003B15F1 /* UI */,
				22F8979A2266139B001E48BE /* App */,
				22F897892265FA3E001E48BE /* Navigation */,
				22267C2422656142007E7B40 /* Extensions And Protocols */,
				22B506D8224DAEE800F66FDB /* Networking */,
				222BF8AD222F44600006D920 /* Models */,
				22EB39C3222E0703001043E2 /* Assets.xcassets */,
				22EB39C8222E0703001043E2 /* Info.plist */,
			);
			path = BestOff;
			sourceTree = "<group>";
		};
		22EB39D0222E0703001043E2 /* BestOffTests */ = {
			isa = PBXGroup;
			children = (
				22762D302268DE99003D9AAD /* JSON */,
				22EB39D1222E0703001043E2 /* BestOffTests.swift */,
				22EB39D3222E0703001043E2 /* Info.plist */,
			);
			path = BestOffTests;
			sourceTree = "<group>";
		};
		22EB39DB222E0703001043E2 /* BestOffUITests */ = {
			isa = PBXGroup;
			children = (
				22EB39DC222E0703001043E2 /* BestOffUITests.swift */,
				22EB39DE222E0703001043E2 /* Info.plist */,
			);
			path = BestOffUITests;
			sourceTree = "<group>";
		};
		22F897892265FA3E001E48BE /* Navigation */ = {
			isa = PBXGroup;
			children = (
				22F897872265FA10001E48BE /* BOCoordinator.swift */,
				22F897962265FC4A001E48BE /* BOMainCoordinator.swift */,
				22F897982265FC78001E48BE /* BOAppCoordinator.swift */,
			);
			path = Navigation;
			sourceTree = "<group>";
		};
		22F8978E2265FBE3001E48BE /* ViewControllers & ViewModels */ = {
			isa = PBXGroup;
			children = (
				22326B6B2293EB690056DAC9 /* Cells */,
				22F897902265FC09001E48BE /* BOGuideViewController.swift */,
				22F897912265FC09001E48BE /* BOGuideViewController.xib */,
				22F897942265FC17001E48BE /* BOGuideViewModel.swift */,
				22326B5F22938EA30056DAC9 /* TableDataSources */,
				22AA85852277C97F003B15F1 /* Launch Screen */,
			);
			path = "ViewControllers & ViewModels";
			sourceTree = "<group>";
		};
		22F8979A2266139B001E48BE /* App */ = {
			isa = PBXGroup;
			children = (
				22EB39BC222E0702001043E2 /* AppDelegate.swift */,
				22FE601E229E3788008190C7 /* FavouriteManager.swift */,
			);
			path = App;
			sourceTree = "<group>";
		};
		72FB35C968BA2CE6BDF0A816 /* Pods */ = {
			isa = PBXGroup;
			children = (
				833CCF5BE5C2950B6C95E771 /* Pods-BestOff.debug.xcconfig */,
				4AAE9F091A4026DD5612C114 /* Pods-BestOff.release.xcconfig */,
				9388F1875E1DDD7937D1EBBD /* Pods-BestOffTests.debug.xcconfig */,
				C8B01FC33A68D03E5C4894F4 /* Pods-BestOffTests.release.xcconfig */,
				B26AC2CDC231DE6C9F324734 /* Pods-BestOffUITests.debug.xcconfig */,
				EBC0830752532848125DE7AD /* Pods-BestOffUITests.release.xcconfig */,
			);
			path = Pods;
			sourceTree = "<group>";
		};
		A04B896A9337CCB36ABB2BAE /* Frameworks */ = {
			isa = PBXGroup;
			children = (
				23D15D311242B54A326E2C9F /* Pods_BestOff.framework */,
				20E0E67D1EEFED2DADD21D2E /* Pods_BestOffTests.framework */,
				891561AA4457B83C862E8D58 /* Pods_BestOffUITests.framework */,
			);
			name = Frameworks;
			sourceTree = "<group>";
		};
/* End PBXGroup section */

/* Begin PBXNativeTarget section */
		22EB39B8222E0702001043E2 /* BestOff */ = {
			isa = PBXNativeTarget;
			buildConfigurationList = 22EB39E1222E0703001043E2 /* Build configuration list for PBXNativeTarget "BestOff" */;
			buildPhases = (
				F9504CE1B5D2A4BB45436027 /* [CP] Check Pods Manifest.lock */,
				22EB39B5222E0702001043E2 /* Sources */,
				22EB39B6222E0702001043E2 /* Frameworks */,
				22EB39B7222E0702001043E2 /* Resources */,
				4BCD59C264FD1BACC7CDD864 /* [CP] Embed Pods Frameworks */,
			);
			buildRules = (
			);
			dependencies = (
			);
			name = BestOff;
			productName = BestOff;
			productReference = 22EB39B9222E0702001043E2 /* BestOff.app */;
			productType = "com.apple.product-type.application";
		};
		22EB39CC222E0703001043E2 /* BestOffTests */ = {
			isa = PBXNativeTarget;
			buildConfigurationList = 22EB39E4222E0703001043E2 /* Build configuration list for PBXNativeTarget "BestOffTests" */;
			buildPhases = (
				7959F8E893B255D7C008E2D4 /* [CP] Check Pods Manifest.lock */,
				22EB39C9222E0703001043E2 /* Sources */,
				22EB39CA222E0703001043E2 /* Frameworks */,
				22EB39CB222E0703001043E2 /* Resources */,
			);
			buildRules = (
			);
			dependencies = (
				22EB39CF222E0703001043E2 /* PBXTargetDependency */,
			);
			name = BestOffTests;
			productName = BestOffTests;
			productReference = 22EB39CD222E0703001043E2 /* BestOffTests.xctest */;
			productType = "com.apple.product-type.bundle.unit-test";
		};
		22EB39D7222E0703001043E2 /* BestOffUITests */ = {
			isa = PBXNativeTarget;
			buildConfigurationList = 22EB39E7222E0703001043E2 /* Build configuration list for PBXNativeTarget "BestOffUITests" */;
			buildPhases = (
				3899910A865B0FBA8496DDB4 /* [CP] Check Pods Manifest.lock */,
				22EB39D4222E0703001043E2 /* Sources */,
				22EB39D5222E0703001043E2 /* Frameworks */,
				22EB39D6222E0703001043E2 /* Resources */,
			);
			buildRules = (
			);
			dependencies = (
				22EB39DA222E0703001043E2 /* PBXTargetDependency */,
			);
			name = BestOffUITests;
			productName = BestOffUITests;
			productReference = 22EB39D8222E0703001043E2 /* BestOffUITests.xctest */;
			productType = "com.apple.product-type.bundle.ui-testing";
		};
/* End PBXNativeTarget section */

/* Begin PBXProject section */
		22EB39B1222E0702001043E2 /* Project object */ = {
			isa = PBXProject;
			attributes = {
				LastSwiftUpdateCheck = 1010;
				LastUpgradeCheck = 1010;
				ORGANIZATIONNAME = "Ivar Johannesson";
				TargetAttributes = {
					22EB39B8222E0702001043E2 = {
						CreatedOnToolsVersion = 10.1;
					};
					22EB39CC222E0703001043E2 = {
						CreatedOnToolsVersion = 10.1;
						TestTargetID = 22EB39B8222E0702001043E2;
					};
					22EB39D7222E0703001043E2 = {
						CreatedOnToolsVersion = 10.1;
						TestTargetID = 22EB39B8222E0702001043E2;
					};
				};
			};
			buildConfigurationList = 22EB39B4222E0702001043E2 /* Build configuration list for PBXProject "BestOff" */;
			compatibilityVersion = "Xcode 9.3";
			developmentRegion = en;
			hasScannedForEncodings = 0;
			knownRegions = (
				en,
				Base,
			);
			mainGroup = 22EB39B0222E0702001043E2;
			productRefGroup = 22EB39BA222E0702001043E2 /* Products */;
			projectDirPath = "";
			projectRoot = "";
			targets = (
				22EB39B8222E0702001043E2 /* BestOff */,
				22EB39CC222E0703001043E2 /* BestOffTests */,
				22EB39D7222E0703001043E2 /* BestOffUITests */,
			);
		};
/* End PBXProject section */

/* Begin PBXResourcesBuildPhase section */
		22EB39B7222E0702001043E2 /* Resources */ = {
			isa = PBXResourcesBuildPhase;
			buildActionMask = 2147483647;
			files = (
				22C82DEF229CE246009B3668 /* BOFavHeaderCell.xib in Resources */,
				22D5739C22825F8300748CF1 /* BOMenuView.xib in Resources */,
				22F897932265FC09001E48BE /* BOGuideViewController.xib in Resources */,
				22D5738B2282553500748CF1 /* Blanco-Bold.otf in Resources */,
				22326B682293A48F0056DAC9 /* CategoryWinnerCell.xib in Resources */,
				22326B74229462BD0056DAC9 /* BOBigCatImgCell.xib in Resources */,
				22326B782294A8C00056DAC9 /* DoubleItemImgCell.xib in Resources */,
				22EB39C4222E0703001043E2 /* Assets.xcassets in Resources */,
				22D573872282553500748CF1 /* Blanco-ExtraBold.otf in Resources */,
				22D573852282553500748CF1 /* Blanco-Italic.otf in Resources */,
				22D573892282553500748CF1 /* Blanco-ExtraBoldItalic.otf in Resources */,
				22D573862282553500748CF1 /* Blanco-MediumItalic.otf in Resources */,
				22AA85872277C99A003B15F1 /* LaunchScreen.storyboard in Resources */,
				222D8B99227FC8130039C860 /* BOCatHeaderCell.xib in Resources */,
				22D5738A2282553500748CF1 /* Blanco-Regular.otf in Resources */,
				22747CD3228E2FCC00B35DA7 /* GuideItemCell.xib in Resources */,
				22747CCF228DE62500B35DA7 /* BOCatItemTextDescriptionCell.xib in Resources */,
				22D573882282553500748CF1 /* Blanco-Medium.otf in Resources */,
				223EE428227BC6630048D42E /* TopGuideCell.xib in Resources */,
				221EC5AF228A10E50051EC42 /* DoubleItemCell.xib in Resources */,
				22D5738C2282553500748CF1 /* Blanco-BoldItalic.otf in Resources */,
				22AA858D2277D518003B15F1 /* BOTableViewHeader.xib in Resources */,
			);
			runOnlyForDeploymentPostprocessing = 0;
		};
		22EB39CB222E0703001043E2 /* Resources */ = {
			isa = PBXResourcesBuildPhase;
			buildActionMask = 2147483647;
			files = (
				2250D876226A87D600AD3363 /* guides.json in Resources */,
				22762D322268DEA7003D9AAD /* drinking.json in Resources */,
				22762D342268E022003D9AAD /* drinkingFail.json in Resources */,
			);
			runOnlyForDeploymentPostprocessing = 0;
		};
		22EB39D6222E0703001043E2 /* Resources */ = {
			isa = PBXResourcesBuildPhase;
			buildActionMask = 2147483647;
			files = (
			);
			runOnlyForDeploymentPostprocessing = 0;
		};
/* End PBXResourcesBuildPhase section */

/* Begin PBXShellScriptBuildPhase section */
		3899910A865B0FBA8496DDB4 /* [CP] Check Pods Manifest.lock */ = {
			isa = PBXShellScriptBuildPhase;
			buildActionMask = 2147483647;
			files = (
			);
			inputFileListPaths = (
			);
			inputPaths = (
				"${PODS_PODFILE_DIR_PATH}/Podfile.lock",
				"${PODS_ROOT}/Manifest.lock",
			);
			name = "[CP] Check Pods Manifest.lock";
			outputFileListPaths = (
			);
			outputPaths = (
				"$(DERIVED_FILE_DIR)/Pods-BestOffUITests-checkManifestLockResult.txt",
			);
			runOnlyForDeploymentPostprocessing = 0;
			shellPath = /bin/sh;
			shellScript = "diff \"${PODS_PODFILE_DIR_PATH}/Podfile.lock\" \"${PODS_ROOT}/Manifest.lock\" > /dev/null\nif [ $? != 0 ] ; then\n    # print error to STDERR\n    echo \"error: The sandbox is not in sync with the Podfile.lock. Run 'pod install' or update your CocoaPods installation.\" >&2\n    exit 1\nfi\n# This output is used by Xcode 'outputs' to avoid re-running this script phase.\necho \"SUCCESS\" > \"${SCRIPT_OUTPUT_FILE_0}\"\n";
			showEnvVarsInLog = 0;
		};
		4BCD59C264FD1BACC7CDD864 /* [CP] Embed Pods Frameworks */ = {
			isa = PBXShellScriptBuildPhase;
			buildActionMask = 2147483647;
			files = (
			);
			inputFileListPaths = (
			);
			inputPaths = (
				"${PODS_ROOT}/Target Support Files/Pods-BestOff/Pods-BestOff-frameworks.sh",
				"${BUILT_PRODUCTS_DIR}/Bond/Bond.framework",
				"${BUILT_PRODUCTS_DIR}/Differ/Differ.framework",
				"${BUILT_PRODUCTS_DIR}/ReactiveKit/ReactiveKit.framework",
				"${BUILT_PRODUCTS_DIR}/SDWebImage/SDWebImage.framework",
			);
			name = "[CP] Embed Pods Frameworks";
			outputFileListPaths = (
			);
			outputPaths = (
				"${TARGET_BUILD_DIR}/${FRAMEWORKS_FOLDER_PATH}/Bond.framework",
				"${TARGET_BUILD_DIR}/${FRAMEWORKS_FOLDER_PATH}/Differ.framework",
				"${TARGET_BUILD_DIR}/${FRAMEWORKS_FOLDER_PATH}/ReactiveKit.framework",
				"${TARGET_BUILD_DIR}/${FRAMEWORKS_FOLDER_PATH}/SDWebImage.framework",
			);
			runOnlyForDeploymentPostprocessing = 0;
			shellPath = /bin/sh;
			shellScript = "\"${PODS_ROOT}/Target Support Files/Pods-BestOff/Pods-BestOff-frameworks.sh\"\n";
			showEnvVarsInLog = 0;
		};
		7959F8E893B255D7C008E2D4 /* [CP] Check Pods Manifest.lock */ = {
			isa = PBXShellScriptBuildPhase;
			buildActionMask = 2147483647;
			files = (
			);
			inputFileListPaths = (
			);
			inputPaths = (
				"${PODS_PODFILE_DIR_PATH}/Podfile.lock",
				"${PODS_ROOT}/Manifest.lock",
			);
			name = "[CP] Check Pods Manifest.lock";
			outputFileListPaths = (
			);
			outputPaths = (
				"$(DERIVED_FILE_DIR)/Pods-BestOffTests-checkManifestLockResult.txt",
			);
			runOnlyForDeploymentPostprocessing = 0;
			shellPath = /bin/sh;
			shellScript = "diff \"${PODS_PODFILE_DIR_PATH}/Podfile.lock\" \"${PODS_ROOT}/Manifest.lock\" > /dev/null\nif [ $? != 0 ] ; then\n    # print error to STDERR\n    echo \"error: The sandbox is not in sync with the Podfile.lock. Run 'pod install' or update your CocoaPods installation.\" >&2\n    exit 1\nfi\n# This output is used by Xcode 'outputs' to avoid re-running this script phase.\necho \"SUCCESS\" > \"${SCRIPT_OUTPUT_FILE_0}\"\n";
			showEnvVarsInLog = 0;
		};
		F9504CE1B5D2A4BB45436027 /* [CP] Check Pods Manifest.lock */ = {
			isa = PBXShellScriptBuildPhase;
			buildActionMask = 2147483647;
			files = (
			);
			inputFileListPaths = (
			);
			inputPaths = (
				"${PODS_PODFILE_DIR_PATH}/Podfile.lock",
				"${PODS_ROOT}/Manifest.lock",
			);
			name = "[CP] Check Pods Manifest.lock";
			outputFileListPaths = (
			);
			outputPaths = (
				"$(DERIVED_FILE_DIR)/Pods-BestOff-checkManifestLockResult.txt",
			);
			runOnlyForDeploymentPostprocessing = 0;
			shellPath = /bin/sh;
			shellScript = "diff \"${PODS_PODFILE_DIR_PATH}/Podfile.lock\" \"${PODS_ROOT}/Manifest.lock\" > /dev/null\nif [ $? != 0 ] ; then\n    # print error to STDERR\n    echo \"error: The sandbox is not in sync with the Podfile.lock. Run 'pod install' or update your CocoaPods installation.\" >&2\n    exit 1\nfi\n# This output is used by Xcode 'outputs' to avoid re-running this script phase.\necho \"SUCCESS\" > \"${SCRIPT_OUTPUT_FILE_0}\"\n";
			showEnvVarsInLog = 0;
		};
/* End PBXShellScriptBuildPhase section */

/* Begin PBXSourcesBuildPhase section */
		22EB39B5222E0702001043E2 /* Sources */ = {
			isa = PBXSourcesBuildPhase;
			buildActionMask = 2147483647;
			files = (
				22267C2122654E19007E7B40 /* BOCategoryService.swift in Sources */,
				22FE601F229E3788008190C7 /* FavouriteManager.swift in Sources */,
				22AA85902277DC60003B15F1 /* UIColor+Additions.swift in Sources */,
				22F897952265FC17001E48BE /* BOGuideViewModel.swift in Sources */,
				22F897972265FC4A001E48BE /* BOMainCoordinator.swift in Sources */,
				22AA85842277C53B003B15F1 /* ShowsErrorProtocol.swift in Sources */,
				22F897A122662D63001E48BE /* BOGuideTableDataSource.swift in Sources */,
				22F897AE22663B7F001E48BE /* ViewModelProtocols.swift in Sources */,
				22C82DE5229CCF6D009B3668 /* BOFavouritesDataSource.swift in Sources */,
				22D5739722825E9300748CF1 /* BOMenuView.swift in Sources */,
				22F8979F226625CF001E48BE /* BOTableProtocol.swift in Sources */,
				22F897882265FA10001E48BE /* BOCoordinator.swift in Sources */,
				22446C9B227F29F50017512F /* GuideCell.swift in Sources */,
				22326B6A2293AE7C0056DAC9 /* Extensions+Array.swift in Sources */,
				22D5739522825C2400748CF1 /* BOMenuViewModel.swift in Sources */,
				2251583F228CB5E3006BC71B /* BOGuideDetailTableDataSource.swift in Sources */,
				22F897922265FC09001E48BE /* BOGuideViewController.swift in Sources */,
				22EB39BD222E0702001043E2 /* AppDelegate.swift in Sources */,
				22F7A68622974F6700BAE115 /* Extension+UITableView.swift in Sources */,
				223EE427227BC6630048D42E /* TopGuideCell.swift in Sources */,
				22267C2322654E8E007E7B40 /* BOCategoryModel.swift in Sources */,
				221EC5AE228A10E50051EC42 /* DoubleItemCell.swift in Sources */,
				22326B73229462BD0056DAC9 /* BOBigCatImgCell.swift in Sources */,
				22F897AC22663AFF001E48BE /* BOViewModel.swift in Sources */,
				22D6B8532252A3B4004A33DE /* BODetailItem.swift in Sources */,
				22326B58229370BB0056DAC9 /* Extension+Int.swift in Sources */,
				22267C262265615E007E7B40 /* Extension+Collection.swift in Sources */,
				22326B672293A48F0056DAC9 /* CategoryWinnerCell.swift in Sources */,
				223EE424227BA5BD0048D42E /* BOHeaderViewModel.swift in Sources */,
				22326B6D229402370056DAC9 /* Extensions+UIView.swift in Sources */,
				223EE422227B51830048D42E /* Images.swift in Sources */,
				22747CD2228E2FCC00B35DA7 /* GuideItemCell.swift in Sources */,
				22326B772294A8C00056DAC9 /* DoubleItemImgCell.swift in Sources */,
				222D8B98227FC8130039C860 /* BOCatHeaderCell.swift in Sources */,
				226E0AD82256B34A006AB3E2 /* BOAuthor.swift in Sources */,
				22F897862265F87C001E48BE /* BOCatItem.swift in Sources */,
				22AA858B2277D50B003B15F1 /* BOAppHeaderView.swift in Sources */,
				22747CCE228DE62500B35DA7 /* BOCatItemTextDescriptionCell.swift in Sources */,
				22267C2A22656175007E7B40 /* Extension+String.swift in Sources */,
				22C82DEE229CE246009B3668 /* BOFavHeaderCell.swift in Sources */,
				22B506DD224DC09A00F66FDB /* NetworkError.swift in Sources */,
				22326B5C22938E770056DAC9 /* RvkAndIcelandDataSource.swift in Sources */,
				22D1D8D4228A54290003D649 /* UIImageView+Extension.swift in Sources */,
				22326B6F229449A20056DAC9 /* BOSpecificCatWinnersDataSource.swift in Sources */,
				22F897A8226634B5001E48BE /* CategoryProtocol.swift in Sources */,
				22B506DA224DAF2200F66FDB /* BOEndpoint.swift in Sources */,
				22F897992265FC78001E48BE /* BOAppCoordinator.swift in Sources */,
				22267C2E22656C34007E7B40 /* StyleGuideAutoGenerated.swift in Sources */,
			);
			runOnlyForDeploymentPostprocessing = 0;
		};
		22EB39C9222E0703001043E2 /* Sources */ = {
			isa = PBXSourcesBuildPhase;
			buildActionMask = 2147483647;
			files = (
				22EB39D2222E0703001043E2 /* BestOffTests.swift in Sources */,
			);
			runOnlyForDeploymentPostprocessing = 0;
		};
		22EB39D4222E0703001043E2 /* Sources */ = {
			isa = PBXSourcesBuildPhase;
			buildActionMask = 2147483647;
			files = (
				22EB39DD222E0703001043E2 /* BestOffUITests.swift in Sources */,
			);
			runOnlyForDeploymentPostprocessing = 0;
		};
/* End PBXSourcesBuildPhase section */

/* Begin PBXTargetDependency section */
		22EB39CF222E0703001043E2 /* PBXTargetDependency */ = {
			isa = PBXTargetDependency;
			target = 22EB39B8222E0702001043E2 /* BestOff */;
			targetProxy = 22EB39CE222E0703001043E2 /* PBXContainerItemProxy */;
		};
		22EB39DA222E0703001043E2 /* PBXTargetDependency */ = {
			isa = PBXTargetDependency;
			target = 22EB39B8222E0702001043E2 /* BestOff */;
			targetProxy = 22EB39D9222E0703001043E2 /* PBXContainerItemProxy */;
		};
/* End PBXTargetDependency section */

/* Begin XCBuildConfiguration section */
		22EB39DF222E0703001043E2 /* Debug */ = {
			isa = XCBuildConfiguration;
			buildSettings = {
				ALWAYS_SEARCH_USER_PATHS = NO;
				CLANG_ANALYZER_NONNULL = YES;
				CLANG_ANALYZER_NUMBER_OBJECT_CONVERSION = YES_AGGRESSIVE;
				CLANG_CXX_LANGUAGE_STANDARD = "gnu++14";
				CLANG_CXX_LIBRARY = "libc++";
				CLANG_ENABLE_MODULES = YES;
				CLANG_ENABLE_OBJC_ARC = YES;
				CLANG_ENABLE_OBJC_WEAK = YES;
				CLANG_WARN_BLOCK_CAPTURE_AUTORELEASING = YES;
				CLANG_WARN_BOOL_CONVERSION = YES;
				CLANG_WARN_COMMA = YES;
				CLANG_WARN_CONSTANT_CONVERSION = YES;
				CLANG_WARN_DEPRECATED_OBJC_IMPLEMENTATIONS = YES;
				CLANG_WARN_DIRECT_OBJC_ISA_USAGE = YES_ERROR;
				CLANG_WARN_DOCUMENTATION_COMMENTS = YES;
				CLANG_WARN_EMPTY_BODY = YES;
				CLANG_WARN_ENUM_CONVERSION = YES;
				CLANG_WARN_INFINITE_RECURSION = YES;
				CLANG_WARN_INT_CONVERSION = YES;
				CLANG_WARN_NON_LITERAL_NULL_CONVERSION = YES;
				CLANG_WARN_OBJC_IMPLICIT_RETAIN_SELF = YES;
				CLANG_WARN_OBJC_LITERAL_CONVERSION = YES;
				CLANG_WARN_OBJC_ROOT_CLASS = YES_ERROR;
				CLANG_WARN_RANGE_LOOP_ANALYSIS = YES;
				CLANG_WARN_STRICT_PROTOTYPES = YES;
				CLANG_WARN_SUSPICIOUS_MOVE = YES;
				CLANG_WARN_UNGUARDED_AVAILABILITY = YES_AGGRESSIVE;
				CLANG_WARN_UNREACHABLE_CODE = YES;
				CLANG_WARN__DUPLICATE_METHOD_MATCH = YES;
				CODE_SIGN_IDENTITY = "iPhone Developer";
				COPY_PHASE_STRIP = NO;
				DEBUG_INFORMATION_FORMAT = dwarf;
				ENABLE_STRICT_OBJC_MSGSEND = YES;
				ENABLE_TESTABILITY = YES;
				GCC_C_LANGUAGE_STANDARD = gnu11;
				GCC_DYNAMIC_NO_PIC = NO;
				GCC_NO_COMMON_BLOCKS = YES;
				GCC_OPTIMIZATION_LEVEL = 0;
				GCC_PREPROCESSOR_DEFINITIONS = (
					"DEBUG=1",
					"$(inherited)",
				);
				GCC_WARN_64_TO_32_BIT_CONVERSION = YES;
				GCC_WARN_ABOUT_RETURN_TYPE = YES_ERROR;
				GCC_WARN_UNDECLARED_SELECTOR = YES;
				GCC_WARN_UNINITIALIZED_AUTOS = YES_AGGRESSIVE;
				GCC_WARN_UNUSED_FUNCTION = YES;
				GCC_WARN_UNUSED_VARIABLE = YES;
				IPHONEOS_DEPLOYMENT_TARGET = 12.1;
				MTL_ENABLE_DEBUG_INFO = INCLUDE_SOURCE;
				MTL_FAST_MATH = YES;
				ONLY_ACTIVE_ARCH = YES;
				SDKROOT = iphoneos;
				SWIFT_ACTIVE_COMPILATION_CONDITIONS = DEBUG;
				SWIFT_OPTIMIZATION_LEVEL = "-Onone";
				SWIFT_VERSION = "";
			};
			name = Debug;
		};
		22EB39E0222E0703001043E2 /* Release */ = {
			isa = XCBuildConfiguration;
			buildSettings = {
				ALWAYS_SEARCH_USER_PATHS = NO;
				CLANG_ANALYZER_NONNULL = YES;
				CLANG_ANALYZER_NUMBER_OBJECT_CONVERSION = YES_AGGRESSIVE;
				CLANG_CXX_LANGUAGE_STANDARD = "gnu++14";
				CLANG_CXX_LIBRARY = "libc++";
				CLANG_ENABLE_MODULES = YES;
				CLANG_ENABLE_OBJC_ARC = YES;
				CLANG_ENABLE_OBJC_WEAK = YES;
				CLANG_WARN_BLOCK_CAPTURE_AUTORELEASING = YES;
				CLANG_WARN_BOOL_CONVERSION = YES;
				CLANG_WARN_COMMA = YES;
				CLANG_WARN_CONSTANT_CONVERSION = YES;
				CLANG_WARN_DEPRECATED_OBJC_IMPLEMENTATIONS = YES;
				CLANG_WARN_DIRECT_OBJC_ISA_USAGE = YES_ERROR;
				CLANG_WARN_DOCUMENTATION_COMMENTS = YES;
				CLANG_WARN_EMPTY_BODY = YES;
				CLANG_WARN_ENUM_CONVERSION = YES;
				CLANG_WARN_INFINITE_RECURSION = YES;
				CLANG_WARN_INT_CONVERSION = YES;
				CLANG_WARN_NON_LITERAL_NULL_CONVERSION = YES;
				CLANG_WARN_OBJC_IMPLICIT_RETAIN_SELF = YES;
				CLANG_WARN_OBJC_LITERAL_CONVERSION = YES;
				CLANG_WARN_OBJC_ROOT_CLASS = YES_ERROR;
				CLANG_WARN_RANGE_LOOP_ANALYSIS = YES;
				CLANG_WARN_STRICT_PROTOTYPES = YES;
				CLANG_WARN_SUSPICIOUS_MOVE = YES;
				CLANG_WARN_UNGUARDED_AVAILABILITY = YES_AGGRESSIVE;
				CLANG_WARN_UNREACHABLE_CODE = YES;
				CLANG_WARN__DUPLICATE_METHOD_MATCH = YES;
				CODE_SIGN_IDENTITY = "iPhone Developer";
				COPY_PHASE_STRIP = NO;
				DEBUG_INFORMATION_FORMAT = "dwarf-with-dsym";
				ENABLE_NS_ASSERTIONS = NO;
				ENABLE_STRICT_OBJC_MSGSEND = YES;
				GCC_C_LANGUAGE_STANDARD = gnu11;
				GCC_NO_COMMON_BLOCKS = YES;
				GCC_WARN_64_TO_32_BIT_CONVERSION = YES;
				GCC_WARN_ABOUT_RETURN_TYPE = YES_ERROR;
				GCC_WARN_UNDECLARED_SELECTOR = YES;
				GCC_WARN_UNINITIALIZED_AUTOS = YES_AGGRESSIVE;
				GCC_WARN_UNUSED_FUNCTION = YES;
				GCC_WARN_UNUSED_VARIABLE = YES;
				IPHONEOS_DEPLOYMENT_TARGET = 12.1;
				MTL_ENABLE_DEBUG_INFO = NO;
				MTL_FAST_MATH = YES;
				SDKROOT = iphoneos;
				SWIFT_COMPILATION_MODE = wholemodule;
				SWIFT_OPTIMIZATION_LEVEL = "-O";
				SWIFT_VERSION = "";
				VALIDATE_PRODUCT = YES;
			};
			name = Release;
		};
		22EB39E2222E0703001043E2 /* Debug */ = {
			isa = XCBuildConfiguration;
			baseConfigurationReference = 833CCF5BE5C2950B6C95E771 /* Pods-BestOff.debug.xcconfig */;
			buildSettings = {
				ASSETCATALOG_COMPILER_APPICON_NAME = AppIcon;
				CODE_SIGN_IDENTITY = "iPhone Distribution: Hilmar Birgir Olafsson (R83X8L83BC)";
				CODE_SIGN_STYLE = Manual;
				DEVELOPMENT_TEAM = "";
				INFOPLIST_FILE = BestOff/Info.plist;
				IPHONEOS_DEPLOYMENT_TARGET = 12.0;
				LD_RUNPATH_SEARCH_PATHS = (
					"$(inherited)",
					"@executable_path/Frameworks",
				);
				PRODUCT_BUNDLE_IDENTIFIER = com.grapevine.bestoff;
				PRODUCT_NAME = "$(TARGET_NAME)";
				PROVISIONING_PROFILE_SPECIFIER = "";
				SWIFT_VERSION = 4.2;
				TARGETED_DEVICE_FAMILY = 1;
			};
			name = Debug;
		};
		22EB39E3222E0703001043E2 /* Release */ = {
			isa = XCBuildConfiguration;
			baseConfigurationReference = 4AAE9F091A4026DD5612C114 /* Pods-BestOff.release.xcconfig */;
			buildSettings = {
				ASSETCATALOG_COMPILER_APPICON_NAME = AppIcon;
				CODE_SIGN_IDENTITY = "iPhone Distribution: Hilmar Birgir Olafsson (R83X8L83BC)";
				CODE_SIGN_STYLE = Manual;
				DEVELOPMENT_TEAM = R83X8L83BC;
				INFOPLIST_FILE = BestOff/Info.plist;
				IPHONEOS_DEPLOYMENT_TARGET = 12.0;
				LD_RUNPATH_SEARCH_PATHS = (
					"$(inherited)",
					"@executable_path/Frameworks",
				);
				PRODUCT_BUNDLE_IDENTIFIER = com.grapevine.bestoff;
				PRODUCT_NAME = "$(TARGET_NAME)";
				PROVISIONING_PROFILE_SPECIFIER = "Best Off";
				SWIFT_VERSION = 4.2;
				TARGETED_DEVICE_FAMILY = 1;
			};
			name = Release;
		};
		22EB39E5222E0703001043E2 /* Debug */ = {
			isa = XCBuildConfiguration;
			baseConfigurationReference = 9388F1875E1DDD7937D1EBBD /* Pods-BestOffTests.debug.xcconfig */;
			buildSettings = {
				ALWAYS_EMBED_SWIFT_STANDARD_LIBRARIES = YES;
				BUNDLE_LOADER = "$(TEST_HOST)";
				CODE_SIGN_STYLE = Automatic;
				INFOPLIST_FILE = BestOffTests/Info.plist;
				LD_RUNPATH_SEARCH_PATHS = (
					"$(inherited)",
					"@executable_path/Frameworks",
					"@loader_path/Frameworks",
				);
				PRODUCT_BUNDLE_IDENTIFIER = Grapevine.BestOffTests;
				PRODUCT_NAME = "$(TARGET_NAME)";
				SWIFT_VERSION = 4.2;
				TARGETED_DEVICE_FAMILY = "1,2";
				TEST_HOST = "$(BUILT_PRODUCTS_DIR)/BestOff.app/BestOff";
			};
			name = Debug;
		};
		22EB39E6222E0703001043E2 /* Release */ = {
			isa = XCBuildConfiguration;
			baseConfigurationReference = C8B01FC33A68D03E5C4894F4 /* Pods-BestOffTests.release.xcconfig */;
			buildSettings = {
				ALWAYS_EMBED_SWIFT_STANDARD_LIBRARIES = YES;
				BUNDLE_LOADER = "$(TEST_HOST)";
				CODE_SIGN_STYLE = Automatic;
				INFOPLIST_FILE = BestOffTests/Info.plist;
				LD_RUNPATH_SEARCH_PATHS = (
					"$(inherited)",
					"@executable_path/Frameworks",
					"@loader_path/Frameworks",
				);
				PRODUCT_BUNDLE_IDENTIFIER = Grapevine.BestOffTests;
				PRODUCT_NAME = "$(TARGET_NAME)";
				SWIFT_VERSION = 4.2;
				TARGETED_DEVICE_FAMILY = "1,2";
				TEST_HOST = "$(BUILT_PRODUCTS_DIR)/BestOff.app/BestOff";
			};
			name = Release;
		};
		22EB39E8222E0703001043E2 /* Debug */ = {
			isa = XCBuildConfiguration;
			baseConfigurationReference = B26AC2CDC231DE6C9F324734 /* Pods-BestOffUITests.debug.xcconfig */;
			buildSettings = {
				ALWAYS_EMBED_SWIFT_STANDARD_LIBRARIES = YES;
				CODE_SIGN_STYLE = Automatic;
				INFOPLIST_FILE = BestOffUITests/Info.plist;
				LD_RUNPATH_SEARCH_PATHS = (
					"$(inherited)",
					"@executable_path/Frameworks",
					"@loader_path/Frameworks",
				);
				PRODUCT_BUNDLE_IDENTIFIER = Grapevine.BestOffUITests;
				PRODUCT_NAME = "$(TARGET_NAME)";
				SWIFT_VERSION = 4.2;
				TARGETED_DEVICE_FAMILY = "1,2";
				TEST_TARGET_NAME = BestOff;
			};
			name = Debug;
		};
		22EB39E9222E0703001043E2 /* Release */ = {
			isa = XCBuildConfiguration;
			baseConfigurationReference = EBC0830752532848125DE7AD /* Pods-BestOffUITests.release.xcconfig */;
			buildSettings = {
				ALWAYS_EMBED_SWIFT_STANDARD_LIBRARIES = YES;
				CODE_SIGN_STYLE = Automatic;
				INFOPLIST_FILE = BestOffUITests/Info.plist;
				LD_RUNPATH_SEARCH_PATHS = (
					"$(inherited)",
					"@executable_path/Frameworks",
					"@loader_path/Frameworks",
				);
				PRODUCT_BUNDLE_IDENTIFIER = Grapevine.BestOffUITests;
				PRODUCT_NAME = "$(TARGET_NAME)";
				SWIFT_VERSION = 4.2;
				TARGETED_DEVICE_FAMILY = "1,2";
				TEST_TARGET_NAME = BestOff;
			};
			name = Release;
		};
/* End XCBuildConfiguration section */

/* Begin XCConfigurationList section */
		22EB39B4222E0702001043E2 /* Build configuration list for PBXProject "BestOff" */ = {
			isa = XCConfigurationList;
			buildConfigurations = (
				22EB39DF222E0703001043E2 /* Debug */,
				22EB39E0222E0703001043E2 /* Release */,
			);
			defaultConfigurationIsVisible = 0;
			defaultConfigurationName = Release;
		};
		22EB39E1222E0703001043E2 /* Build configuration list for PBXNativeTarget "BestOff" */ = {
			isa = XCConfigurationList;
			buildConfigurations = (
				22EB39E2222E0703001043E2 /* Debug */,
				22EB39E3222E0703001043E2 /* Release */,
			);
			defaultConfigurationIsVisible = 0;
			defaultConfigurationName = Release;
		};
		22EB39E4222E0703001043E2 /* Build configuration list for PBXNativeTarget "BestOffTests" */ = {
			isa = XCConfigurationList;
			buildConfigurations = (
				22EB39E5222E0703001043E2 /* Debug */,
				22EB39E6222E0703001043E2 /* Release */,
			);
			defaultConfigurationIsVisible = 0;
			defaultConfigurationName = Release;
		};
		22EB39E7222E0703001043E2 /* Build configuration list for PBXNativeTarget "BestOffUITests" */ = {
			isa = XCConfigurationList;
			buildConfigurations = (
				22EB39E8222E0703001043E2 /* Debug */,
				22EB39E9222E0703001043E2 /* Release */,
			);
			defaultConfigurationIsVisible = 0;
			defaultConfigurationName = Release;
		};
/* End XCConfigurationList section */
	};
	rootObject = 22EB39B1222E0702001043E2 /* Project object */;
}
