// !$*UTF8*$!
{
	archiveVersion = 1;
	classes = {
	};
	objectVersion = 50;
	objects = {

/* Begin PBXBuildFile section */
		226E0ACD22569F73006AB3E2 /* Extensions.swift in Sources */ = {isa = PBXBuildFile; fileRef = 226E0ACC22569F73006AB3E2 /* Extensions.swift */; };
		226E0AD62256B34A006AB3E2 /* BOGuide.swift in Sources */ = {isa = PBXBuildFile; fileRef = 226E0AD32256B34A006AB3E2 /* BOGuide.swift */; };
		226E0AD72256B34A006AB3E2 /* BOSuperGuide.swift in Sources */ = {isa = PBXBuildFile; fileRef = 226E0AD42256B34A006AB3E2 /* BOSuperGuide.swift */; };
		226E0AD82256B34A006AB3E2 /* BOAuthor.swift in Sources */ = {isa = PBXBuildFile; fileRef = 226E0AD52256B34A006AB3E2 /* BOAuthor.swift */; };
		226E0ADA2256B397006AB3E2 /* BOGuideService.swift in Sources */ = {isa = PBXBuildFile; fileRef = 226E0AD92256B397006AB3E2 /* BOGuideService.swift */; };
		22B506DA224DAF2200F66FDB /* BOEndpoint.swift in Sources */ = {isa = PBXBuildFile; fileRef = 22B506D9224DAF2200F66FDB /* BOEndpoint.swift */; };
		22B506DD224DC09A00F66FDB /* NetworkError.swift in Sources */ = {isa = PBXBuildFile; fileRef = 22B506DC224DC09A00F66FDB /* NetworkError.swift */; };
		22B506E1224E0F4400F66FDB /* SwiftyJSON.framework in Frameworks */ = {isa = PBXBuildFile; fileRef = 22B506E0224E0F4400F66FDB /* SwiftyJSON.framework */; };
		22CEF362224E36CC00A6688A /* BOCatShopping.swift in Sources */ = {isa = PBXBuildFile; fileRef = 22CEF35F224E36CC00A6688A /* BOCatShopping.swift */; };
		22D6B82F22529065004A33DE /* BOShopItem.swift in Sources */ = {isa = PBXBuildFile; fileRef = 22D6B82E22529065004A33DE /* BOShopItem.swift */; };
		22D6B834225290EB004A33DE /* BOCatActivities.swift in Sources */ = {isa = PBXBuildFile; fileRef = 22D6B833225290EB004A33DE /* BOCatActivities.swift */; };
		22D6B836225290F2004A33DE /* BOActivitiesItem.swift in Sources */ = {isa = PBXBuildFile; fileRef = 22D6B835225290F2004A33DE /* BOActivitiesItem.swift */; };
		22D6B8382252914B004A33DE /* BOCatActivitiesService.swift in Sources */ = {isa = PBXBuildFile; fileRef = 22D6B8372252914B004A33DE /* BOCatActivitiesService.swift */; };
		22D6B83D2252934D004A33DE /* BOCatDrinking.swift in Sources */ = {isa = PBXBuildFile; fileRef = 22D6B83B2252934D004A33DE /* BOCatDrinking.swift */; };
		22D6B841225293B0004A33DE /* BOCatDrinkingService.swift in Sources */ = {isa = PBXBuildFile; fileRef = 22D6B840225293B0004A33DE /* BOCatDrinkingService.swift */; };
		22D6B84822529896004A33DE /* BOCatDining.swift in Sources */ = {isa = PBXBuildFile; fileRef = 22D6B84622529896004A33DE /* BOCatDining.swift */; };
		22D6B84B2252990A004A33DE /* BODiningItem.swift in Sources */ = {isa = PBXBuildFile; fileRef = 22D6B84A2252990A004A33DE /* BODiningItem.swift */; };
		22D6B84D22529936004A33DE /* BODrinkingItem.swift in Sources */ = {isa = PBXBuildFile; fileRef = 22D6B84C22529936004A33DE /* BODrinkingItem.swift */; };
		22D6B84F22529998004A33DE /* BOCatDiningService.swift in Sources */ = {isa = PBXBuildFile; fileRef = 22D6B84E22529998004A33DE /* BOCatDiningService.swift */; };
		22D6B8532252A3B4004A33DE /* BODetailItem.swift in Sources */ = {isa = PBXBuildFile; fileRef = 22D6B8522252A3B4004A33DE /* BODetailItem.swift */; };
		22EB39BD222E0702001043E2 /* AppDelegate.swift in Sources */ = {isa = PBXBuildFile; fileRef = 22EB39BC222E0702001043E2 /* AppDelegate.swift */; };
		22EB39BF222E0702001043E2 /* BOFeedController.swift in Sources */ = {isa = PBXBuildFile; fileRef = 22EB39BE222E0702001043E2 /* BOFeedController.swift */; };
		22EB39C2222E0702001043E2 /* Main.storyboard in Resources */ = {isa = PBXBuildFile; fileRef = 22EB39C0222E0702001043E2 /* Main.storyboard */; };
		22EB39C4222E0703001043E2 /* Assets.xcassets in Resources */ = {isa = PBXBuildFile; fileRef = 22EB39C3222E0703001043E2 /* Assets.xcassets */; };
		22EB39C7222E0703001043E2 /* LaunchScreen.storyboard in Resources */ = {isa = PBXBuildFile; fileRef = 22EB39C5222E0703001043E2 /* LaunchScreen.storyboard */; };
		22EB39D2222E0703001043E2 /* BestOffTests.swift in Sources */ = {isa = PBXBuildFile; fileRef = 22EB39D1222E0703001043E2 /* BestOffTests.swift */; };
		22EB39DD222E0703001043E2 /* BestOffUITests.swift in Sources */ = {isa = PBXBuildFile; fileRef = 22EB39DC222E0703001043E2 /* BestOffUITests.swift */; };
		22EB39EF222E2C28001043E2 /* BOCatShoppingService.swift in Sources */ = {isa = PBXBuildFile; fileRef = 22EB39EE222E2C28001043E2 /* BOCatShoppingService.swift */; };
		39DD8B45ECF9C9BA92EB8630 /* Pods_BestOffUITests.framework in Frameworks */ = {isa = PBXBuildFile; fileRef = 891561AA4457B83C862E8D58 /* Pods_BestOffUITests.framework */; };
		4427684C8125FD476322F7B1 /* Pods_BestOff.framework in Frameworks */ = {isa = PBXBuildFile; fileRef = 23D15D311242B54A326E2C9F /* Pods_BestOff.framework */; };
		5DC8DE16556E0AAB8125408F /* Pods_BestOffTests.framework in Frameworks */ = {isa = PBXBuildFile; fileRef = 20E0E67D1EEFED2DADD21D2E /* Pods_BestOffTests.framework */; };
/* End PBXBuildFile section */

/* Begin PBXContainerItemProxy section */
		22EB39CE222E0703001043E2 /* PBXContainerItemProxy */ = {
			isa = PBXContainerItemProxy;
			containerPortal = 22EB39B1222E0702001043E2 /* Project object */;
			proxyType = 1;
			remoteGlobalIDString = 22EB39B8222E0702001043E2;
			remoteInfo = BestOff;
		};
		22EB39D9222E0703001043E2 /* PBXContainerItemProxy */ = {
			isa = PBXContainerItemProxy;
			containerPortal = 22EB39B1222E0702001043E2 /* Project object */;
			proxyType = 1;
			remoteGlobalIDString = 22EB39B8222E0702001043E2;
			remoteInfo = BestOff;
		};
/* End PBXContainerItemProxy section */

/* Begin PBXFileReference section */
		20E0E67D1EEFED2DADD21D2E /* Pods_BestOffTests.framework */ = {isa = PBXFileReference; explicitFileType = wrapper.framework; includeInIndex = 0; path = Pods_BestOffTests.framework; sourceTree = BUILT_PRODUCTS_DIR; };
		226E0ACC22569F73006AB3E2 /* Extensions.swift */ = {isa = PBXFileReference; lastKnownFileType = sourcecode.swift; path = Extensions.swift; sourceTree = "<group>"; };
		226E0AD32256B34A006AB3E2 /* BOGuide.swift */ = {isa = PBXFileReference; fileEncoding = 4; lastKnownFileType = sourcecode.swift; path = BOGuide.swift; sourceTree = "<group>"; };
		226E0AD42256B34A006AB3E2 /* BOSuperGuide.swift */ = {isa = PBXFileReference; fileEncoding = 4; lastKnownFileType = sourcecode.swift; path = BOSuperGuide.swift; sourceTree = "<group>"; };
		226E0AD52256B34A006AB3E2 /* BOAuthor.swift */ = {isa = PBXFileReference; fileEncoding = 4; lastKnownFileType = sourcecode.swift; path = BOAuthor.swift; sourceTree = "<group>"; };
		226E0AD92256B397006AB3E2 /* BOGuideService.swift */ = {isa = PBXFileReference; lastKnownFileType = sourcecode.swift; path = BOGuideService.swift; sourceTree = "<group>"; };
		22B506D9224DAF2200F66FDB /* BOEndpoint.swift */ = {isa = PBXFileReference; lastKnownFileType = sourcecode.swift; path = BOEndpoint.swift; sourceTree = "<group>"; };
		22B506DC224DC09A00F66FDB /* NetworkError.swift */ = {isa = PBXFileReference; lastKnownFileType = sourcecode.swift; path = NetworkError.swift; sourceTree = "<group>"; };
		22B506DE224E044600F66FDB /* SwiftyJSON.framework */ = {isa = PBXFileReference; explicitFileType = wrapper.framework; path = SwiftyJSON.framework; sourceTree = BUILT_PRODUCTS_DIR; };
		22B506E0224E0F4400F66FDB /* SwiftyJSON.framework */ = {isa = PBXFileReference; explicitFileType = wrapper.framework; path = SwiftyJSON.framework; sourceTree = BUILT_PRODUCTS_DIR; };
		22CEF35F224E36CC00A6688A /* BOCatShopping.swift */ = {isa = PBXFileReference; fileEncoding = 4; lastKnownFileType = sourcecode.swift; path = BOCatShopping.swift; sourceTree = "<group>"; };
		22D6B82E22529065004A33DE /* BOShopItem.swift */ = {isa = PBXFileReference; fileEncoding = 4; lastKnownFileType = sourcecode.swift; path = BOShopItem.swift; sourceTree = "<group>"; };
		22D6B833225290EB004A33DE /* BOCatActivities.swift */ = {isa = PBXFileReference; fileEncoding = 4; lastKnownFileType = sourcecode.swift; path = BOCatActivities.swift; sourceTree = "<group>"; };
		22D6B835225290F2004A33DE /* BOActivitiesItem.swift */ = {isa = PBXFileReference; fileEncoding = 4; lastKnownFileType = sourcecode.swift; path = BOActivitiesItem.swift; sourceTree = "<group>"; };
		22D6B8372252914B004A33DE /* BOCatActivitiesService.swift */ = {isa = PBXFileReference; lastKnownFileType = sourcecode.swift; path = BOCatActivitiesService.swift; sourceTree = "<group>"; };
		22D6B83B2252934D004A33DE /* BOCatDrinking.swift */ = {isa = PBXFileReference; fileEncoding = 4; lastKnownFileType = sourcecode.swift; path = BOCatDrinking.swift; sourceTree = "<group>"; };
		22D6B840225293B0004A33DE /* BOCatDrinkingService.swift */ = {isa = PBXFileReference; lastKnownFileType = sourcecode.swift; path = BOCatDrinkingService.swift; sourceTree = "<group>"; };
		22D6B84622529896004A33DE /* BOCatDining.swift */ = {isa = PBXFileReference; fileEncoding = 4; lastKnownFileType = sourcecode.swift; path = BOCatDining.swift; sourceTree = "<group>"; };
		22D6B84A2252990A004A33DE /* BODiningItem.swift */ = {isa = PBXFileReference; fileEncoding = 4; lastKnownFileType = sourcecode.swift; name = BODiningItem.swift; path = BestOff/Models/Categories/Drinking/BODiningItem.swift; sourceTree = SOURCE_ROOT; };
		22D6B84C22529936004A33DE /* BODrinkingItem.swift */ = {isa = PBXFileReference; fileEncoding = 4; lastKnownFileType = sourcecode.swift; path = BODrinkingItem.swift; sourceTree = "<group>"; };
		22D6B84E22529998004A33DE /* BOCatDiningService.swift */ = {isa = PBXFileReference; lastKnownFileType = sourcecode.swift; path = BOCatDiningService.swift; sourceTree = "<group>"; };
		22D6B8522252A3B4004A33DE /* BODetailItem.swift */ = {isa = PBXFileReference; lastKnownFileType = sourcecode.swift; path = BODetailItem.swift; sourceTree = "<group>"; };
		22EB39B9222E0702001043E2 /* BestOff.app */ = {isa = PBXFileReference; explicitFileType = wrapper.application; includeInIndex = 0; path = BestOff.app; sourceTree = BUILT_PRODUCTS_DIR; };
		22EB39BC222E0702001043E2 /* AppDelegate.swift */ = {isa = PBXFileReference; lastKnownFileType = sourcecode.swift; path = AppDelegate.swift; sourceTree = "<group>"; };
		22EB39BE222E0702001043E2 /* BOFeedController.swift */ = {isa = PBXFileReference; lastKnownFileType = sourcecode.swift; path = BOFeedController.swift; sourceTree = "<group>"; };
		22EB39C1222E0702001043E2 /* Base */ = {isa = PBXFileReference; lastKnownFileType = file.storyboard; name = Base; path = Base.lproj/Main.storyboard; sourceTree = "<group>"; };
		22EB39C3222E0703001043E2 /* Assets.xcassets */ = {isa = PBXFileReference; lastKnownFileType = folder.assetcatalog; path = Assets.xcassets; sourceTree = "<group>"; };
		22EB39C6222E0703001043E2 /* Base */ = {isa = PBXFileReference; lastKnownFileType = file.storyboard; name = Base; path = Base.lproj/LaunchScreen.storyboard; sourceTree = "<group>"; };
		22EB39C8222E0703001043E2 /* Info.plist */ = {isa = PBXFileReference; lastKnownFileType = text.plist.xml; path = Info.plist; sourceTree = "<group>"; };
		22EB39CD222E0703001043E2 /* BestOffTests.xctest */ = {isa = PBXFileReference; explicitFileType = wrapper.cfbundle; includeInIndex = 0; path = BestOffTests.xctest; sourceTree = BUILT_PRODUCTS_DIR; };
		22EB39D1222E0703001043E2 /* BestOffTests.swift */ = {isa = PBXFileReference; lastKnownFileType = sourcecode.swift; path = BestOffTests.swift; sourceTree = "<group>"; };
		22EB39D3222E0703001043E2 /* Info.plist */ = {isa = PBXFileReference; lastKnownFileType = text.plist.xml; path = Info.plist; sourceTree = "<group>"; };
		22EB39D8222E0703001043E2 /* BestOffUITests.xctest */ = {isa = PBXFileReference; explicitFileType = wrapper.cfbundle; includeInIndex = 0; path = BestOffUITests.xctest; sourceTree = BUILT_PRODUCTS_DIR; };
		22EB39DC222E0703001043E2 /* BestOffUITests.swift */ = {isa = PBXFileReference; lastKnownFileType = sourcecode.swift; path = BestOffUITests.swift; sourceTree = "<group>"; };
		22EB39DE222E0703001043E2 /* Info.plist */ = {isa = PBXFileReference; lastKnownFileType = text.plist.xml; path = Info.plist; sourceTree = "<group>"; };
		22EB39EE222E2C28001043E2 /* BOCatShoppingService.swift */ = {isa = PBXFileReference; lastKnownFileType = sourcecode.swift; path = BOCatShoppingService.swift; sourceTree = "<group>"; };
		23D15D311242B54A326E2C9F /* Pods_BestOff.framework */ = {isa = PBXFileReference; explicitFileType = wrapper.framework; includeInIndex = 0; path = Pods_BestOff.framework; sourceTree = BUILT_PRODUCTS_DIR; };
		4AAE9F091A4026DD5612C114 /* Pods-BestOff.release.xcconfig */ = {isa = PBXFileReference; includeInIndex = 1; lastKnownFileType = text.xcconfig; name = "Pods-BestOff.release.xcconfig"; path = "Target Support Files/Pods-BestOff/Pods-BestOff.release.xcconfig"; sourceTree = "<group>"; };
		833CCF5BE5C2950B6C95E771 /* Pods-BestOff.debug.xcconfig */ = {isa = PBXFileReference; includeInIndex = 1; lastKnownFileType = text.xcconfig; name = "Pods-BestOff.debug.xcconfig"; path = "Target Support Files/Pods-BestOff/Pods-BestOff.debug.xcconfig"; sourceTree = "<group>"; };
		891561AA4457B83C862E8D58 /* Pods_BestOffUITests.framework */ = {isa = PBXFileReference; explicitFileType = wrapper.framework; includeInIndex = 0; path = Pods_BestOffUITests.framework; sourceTree = BUILT_PRODUCTS_DIR; };
		9388F1875E1DDD7937D1EBBD /* Pods-BestOffTests.debug.xcconfig */ = {isa = PBXFileReference; includeInIndex = 1; lastKnownFileType = text.xcconfig; name = "Pods-BestOffTests.debug.xcconfig"; path = "Target Support Files/Pods-BestOffTests/Pods-BestOffTests.debug.xcconfig"; sourceTree = "<group>"; };
		B26AC2CDC231DE6C9F324734 /* Pods-BestOffUITests.debug.xcconfig */ = {isa = PBXFileReference; includeInIndex = 1; lastKnownFileType = text.xcconfig; name = "Pods-BestOffUITests.debug.xcconfig"; path = "Target Support Files/Pods-BestOffUITests/Pods-BestOffUITests.debug.xcconfig"; sourceTree = "<group>"; };
		C8B01FC33A68D03E5C4894F4 /* Pods-BestOffTests.release.xcconfig */ = {isa = PBXFileReference; includeInIndex = 1; lastKnownFileType = text.xcconfig; name = "Pods-BestOffTests.release.xcconfig"; path = "Target Support Files/Pods-BestOffTests/Pods-BestOffTests.release.xcconfig"; sourceTree = "<group>"; };
		EBC0830752532848125DE7AD /* Pods-BestOffUITests.release.xcconfig */ = {isa = PBXFileReference; includeInIndex = 1; lastKnownFileType = text.xcconfig; name = "Pods-BestOffUITests.release.xcconfig"; path = "Target Support Files/Pods-BestOffUITests/Pods-BestOffUITests.release.xcconfig"; sourceTree = "<group>"; };
/* End PBXFileReference section */

/* Begin PBXFrameworksBuildPhase section */
		22EB39B6222E0702001043E2 /* Frameworks */ = {
			isa = PBXFrameworksBuildPhase;
			buildActionMask = 2147483647;
			files = (
				22B506E1224E0F4400F66FDB /* SwiftyJSON.framework in Frameworks */,
				4427684C8125FD476322F7B1 /* Pods_BestOff.framework in Frameworks */,
			);
			runOnlyForDeploymentPostprocessing = 0;
		};
		22EB39CA222E0703001043E2 /* Frameworks */ = {
			isa = PBXFrameworksBuildPhase;
			buildActionMask = 2147483647;
			files = (
				5DC8DE16556E0AAB8125408F /* Pods_BestOffTests.framework in Frameworks */,
			);
			runOnlyForDeploymentPostprocessing = 0;
		};
		22EB39D5222E0703001043E2 /* Frameworks */ = {
			isa = PBXFrameworksBuildPhase;
			buildActionMask = 2147483647;
			files = (
				39DD8B45ECF9C9BA92EB8630 /* Pods_BestOffUITests.framework in Frameworks */,
			);
			runOnlyForDeploymentPostprocessing = 0;
		};
/* End PBXFrameworksBuildPhase section */

/* Begin PBXGroup section */
		222BF8AD222F44600006D920 /* Models */ = {
			isa = PBXGroup;
			children = (
				226E0AD22256B2AF006AB3E2 /* Guides */,
				22CEF338224E1BC500A6688A /* Categories */,
			);
			path = Models;
			sourceTree = "<group>";
		};
		226E0AD22256B2AF006AB3E2 /* Guides */ = {
			isa = PBXGroup;
			children = (
				226E0AD52256B34A006AB3E2 /* BOAuthor.swift */,
				226E0AD32256B34A006AB3E2 /* BOGuide.swift */,
				226E0AD42256B34A006AB3E2 /* BOSuperGuide.swift */,
			);
			path = Guides;
			sourceTree = "<group>";
		};
		22B506D8224DAEE800F66FDB /* Networking */ = {
			isa = PBXGroup;
			children = (
				22B506DC224DC09A00F66FDB /* NetworkError.swift */,
				22B506DB224DC08300F66FDB /* Services */,
				22B506D9224DAF2200F66FDB /* BOEndpoint.swift */,
			);
			path = Networking;
			sourceTree = "<group>";
		};
		22B506DB224DC08300F66FDB /* Services */ = {
			isa = PBXGroup;
			children = (
				22D6B842225297F2004A33DE /* BOCategoriesService */,
			);
			path = Services;
			sourceTree = "<group>";
		};
		22CEF337224E1BBA00A6688A /* Shopping */ = {
			isa = PBXGroup;
			children = (
				22D6B82E22529065004A33DE /* BOShopItem.swift */,
				22CEF35F224E36CC00A6688A /* BOCatShopping.swift */,
			);
			path = Shopping;
			sourceTree = "<group>";
		};
		22CEF338224E1BC500A6688A /* Categories */ = {
			isa = PBXGroup;
			children = (
				22D6B8452252988F004A33DE /* Dining */,
				22D6B839225292CD004A33DE /* Drinking */,
				22D6B832225290E0004A33DE /* Activities */,
				22CEF337224E1BBA00A6688A /* Shopping */,
				22D6B8522252A3B4004A33DE /* BODetailItem.swift */,
			);
			path = Categories;
			sourceTree = "<group>";
		};
		22D6B832225290E0004A33DE /* Activities */ = {
			isa = PBXGroup;
			children = (
				22D6B835225290F2004A33DE /* BOActivitiesItem.swift */,
				22D6B833225290EB004A33DE /* BOCatActivities.swift */,
			);
			path = Activities;
			sourceTree = "<group>";
		};
		22D6B839225292CD004A33DE /* Drinking */ = {
			isa = PBXGroup;
			children = (
				22D6B84C22529936004A33DE /* BODrinkingItem.swift */,
				22D6B83B2252934D004A33DE /* BOCatDrinking.swift */,
			);
			path = Drinking;
			sourceTree = "<group>";
		};
		22D6B842225297F2004A33DE /* BOCategoriesService */ = {
			isa = PBXGroup;
			children = (
				22EB39EE222E2C28001043E2 /* BOCatShoppingService.swift */,
				22D6B8372252914B004A33DE /* BOCatActivitiesService.swift */,
				22D6B840225293B0004A33DE /* BOCatDrinkingService.swift */,
				22D6B84E22529998004A33DE /* BOCatDiningService.swift */,
				226E0AD92256B397006AB3E2 /* BOGuideService.swift */,
			);
			path = BOCategoriesService;
			sourceTree = "<group>";
		};
		22D6B8452252988F004A33DE /* Dining */ = {
			isa = PBXGroup;
			children = (
				22D6B84A2252990A004A33DE /* BODiningItem.swift */,
				22D6B84622529896004A33DE /* BOCatDining.swift */,
			);
			path = Dining;
			sourceTree = "<group>";
		};
		22EB39B0222E0702001043E2 = {
			isa = PBXGroup;
			children = (
				22EB39BB222E0702001043E2 /* BestOff */,
				22EB39D0222E0703001043E2 /* BestOffTests */,
				22EB39DB222E0703001043E2 /* BestOffUITests */,
				22EB39BA222E0702001043E2 /* Products */,
				72FB35C968BA2CE6BDF0A816 /* Pods */,
				A04B896A9337CCB36ABB2BAE /* Frameworks */,
			);
			sourceTree = "<group>";
		};
		22EB39BA222E0702001043E2 /* Products */ = {
			isa = PBXGroup;
			children = (
				22EB39B9222E0702001043E2 /* BestOff.app */,
				22EB39CD222E0703001043E2 /* BestOffTests.xctest */,
				22EB39D8222E0703001043E2 /* BestOffUITests.xctest */,
			);
			name = Products;
			sourceTree = "<group>";
		};
		22EB39BB222E0702001043E2 /* BestOff */ = {
			isa = PBXGroup;
			children = (
				22B506D8224DAEE800F66FDB /* Networking */,
				222BF8AD222F44600006D920 /* Models */,
				22EB39BC222E0702001043E2 /* AppDelegate.swift */,
				22EB39BE222E0702001043E2 /* BOFeedController.swift */,
				22EB39C0222E0702001043E2 /* Main.storyboard */,
				22EB39C3222E0703001043E2 /* Assets.xcassets */,
				22EB39C5222E0703001043E2 /* LaunchScreen.storyboard */,
				22EB39C8222E0703001043E2 /* Info.plist */,
				226E0ACC22569F73006AB3E2 /* Extensions.swift */,
			);
			path = BestOff;
			sourceTree = "<group>";
		};
		22EB39D0222E0703001043E2 /* BestOffTests */ = {
			isa = PBXGroup;
			children = (
				22EB39D1222E0703001043E2 /* BestOffTests.swift */,
				22EB39D3222E0703001043E2 /* Info.plist */,
			);
			path = BestOffTests;
			sourceTree = "<group>";
		};
		22EB39DB222E0703001043E2 /* BestOffUITests */ = {
			isa = PBXGroup;
			children = (
				22EB39DC222E0703001043E2 /* BestOffUITests.swift */,
				22EB39DE222E0703001043E2 /* Info.plist */,
			);
			path = BestOffUITests;
			sourceTree = "<group>";
		};
		72FB35C968BA2CE6BDF0A816 /* Pods */ = {
			isa = PBXGroup;
			children = (
				833CCF5BE5C2950B6C95E771 /* Pods-BestOff.debug.xcconfig */,
				4AAE9F091A4026DD5612C114 /* Pods-BestOff.release.xcconfig */,
				9388F1875E1DDD7937D1EBBD /* Pods-BestOffTests.debug.xcconfig */,
				C8B01FC33A68D03E5C4894F4 /* Pods-BestOffTests.release.xcconfig */,
				B26AC2CDC231DE6C9F324734 /* Pods-BestOffUITests.debug.xcconfig */,
				EBC0830752532848125DE7AD /* Pods-BestOffUITests.release.xcconfig */,
			);
			path = Pods;
			sourceTree = "<group>";
		};
		A04B896A9337CCB36ABB2BAE /* Frameworks */ = {
			isa = PBXGroup;
			children = (
				22B506E0224E0F4400F66FDB /* SwiftyJSON.framework */,
				22B506DE224E044600F66FDB /* SwiftyJSON.framework */,
				23D15D311242B54A326E2C9F /* Pods_BestOff.framework */,
				20E0E67D1EEFED2DADD21D2E /* Pods_BestOffTests.framework */,
				891561AA4457B83C862E8D58 /* Pods_BestOffUITests.framework */,
			);
			name = Frameworks;
			sourceTree = "<group>";
		};
/* End PBXGroup section */

/* Begin PBXNativeTarget section */
		22EB39B8222E0702001043E2 /* BestOff */ = {
			isa = PBXNativeTarget;
			buildConfigurationList = 22EB39E1222E0703001043E2 /* Build configuration list for PBXNativeTarget "BestOff" */;
			buildPhases = (
				F9504CE1B5D2A4BB45436027 /* [CP] Check Pods Manifest.lock */,
				22EB39B5222E0702001043E2 /* Sources */,
				22EB39B6222E0702001043E2 /* Frameworks */,
				22EB39B7222E0702001043E2 /* Resources */,
				4BCD59C264FD1BACC7CDD864 /* [CP] Embed Pods Frameworks */,
			);
			buildRules = (
			);
			dependencies = (
			);
			name = BestOff;
			productName = BestOff;
			productReference = 22EB39B9222E0702001043E2 /* BestOff.app */;
			productType = "com.apple.product-type.application";
		};
		22EB39CC222E0703001043E2 /* BestOffTests */ = {
			isa = PBXNativeTarget;
			buildConfigurationList = 22EB39E4222E0703001043E2 /* Build configuration list for PBXNativeTarget "BestOffTests" */;
			buildPhases = (
				7959F8E893B255D7C008E2D4 /* [CP] Check Pods Manifest.lock */,
				22EB39C9222E0703001043E2 /* Sources */,
				22EB39CA222E0703001043E2 /* Frameworks */,
				22EB39CB222E0703001043E2 /* Resources */,
			);
			buildRules = (
			);
			dependencies = (
				22EB39CF222E0703001043E2 /* PBXTargetDependency */,
			);
			name = BestOffTests;
			productName = BestOffTests;
			productReference = 22EB39CD222E0703001043E2 /* BestOffTests.xctest */;
			productType = "com.apple.product-type.bundle.unit-test";
		};
		22EB39D7222E0703001043E2 /* BestOffUITests */ = {
			isa = PBXNativeTarget;
			buildConfigurationList = 22EB39E7222E0703001043E2 /* Build configuration list for PBXNativeTarget "BestOffUITests" */;
			buildPhases = (
				3899910A865B0FBA8496DDB4 /* [CP] Check Pods Manifest.lock */,
				22EB39D4222E0703001043E2 /* Sources */,
				22EB39D5222E0703001043E2 /* Frameworks */,
				22EB39D6222E0703001043E2 /* Resources */,
			);
			buildRules = (
			);
			dependencies = (
				22EB39DA222E0703001043E2 /* PBXTargetDependency */,
			);
			name = BestOffUITests;
			productName = BestOffUITests;
			productReference = 22EB39D8222E0703001043E2 /* BestOffUITests.xctest */;
			productType = "com.apple.product-type.bundle.ui-testing";
		};
/* End PBXNativeTarget section */

/* Begin PBXProject section */
		22EB39B1222E0702001043E2 /* Project object */ = {
			isa = PBXProject;
			attributes = {
				LastSwiftUpdateCheck = 1010;
				LastUpgradeCheck = 1010;
				ORGANIZATIONNAME = "Ivar Johannesson";
				TargetAttributes = {
					22EB39B8222E0702001043E2 = {
						CreatedOnToolsVersion = 10.1;
					};
					22EB39CC222E0703001043E2 = {
						CreatedOnToolsVersion = 10.1;
						TestTargetID = 22EB39B8222E0702001043E2;
					};
					22EB39D7222E0703001043E2 = {
						CreatedOnToolsVersion = 10.1;
						TestTargetID = 22EB39B8222E0702001043E2;
					};
				};
			};
			buildConfigurationList = 22EB39B4222E0702001043E2 /* Build configuration list for PBXProject "BestOff" */;
			compatibilityVersion = "Xcode 9.3";
			developmentRegion = en;
			hasScannedForEncodings = 0;
			knownRegions = (
				en,
				Base,
			);
			mainGroup = 22EB39B0222E0702001043E2;
			productRefGroup = 22EB39BA222E0702001043E2 /* Products */;
			projectDirPath = "";
			projectRoot = "";
			targets = (
				22EB39B8222E0702001043E2 /* BestOff */,
				22EB39CC222E0703001043E2 /* BestOffTests */,
				22EB39D7222E0703001043E2 /* BestOffUITests */,
			);
		};
/* End PBXProject section */

/* Begin PBXResourcesBuildPhase section */
		22EB39B7222E0702001043E2 /* Resources */ = {
			isa = PBXResourcesBuildPhase;
			buildActionMask = 2147483647;
			files = (
				22EB39C7222E0703001043E2 /* LaunchScreen.storyboard in Resources */,
				22EB39C4222E0703001043E2 /* Assets.xcassets in Resources */,
				22EB39C2222E0702001043E2 /* Main.storyboard in Resources */,
			);
			runOnlyForDeploymentPostprocessing = 0;
		};
		22EB39CB222E0703001043E2 /* Resources */ = {
			isa = PBXResourcesBuildPhase;
			buildActionMask = 2147483647;
			files = (
			);
			runOnlyForDeploymentPostprocessing = 0;
		};
		22EB39D6222E0703001043E2 /* Resources */ = {
			isa = PBXResourcesBuildPhase;
			buildActionMask = 2147483647;
			files = (
			);
			runOnlyForDeploymentPostprocessing = 0;
		};
/* End PBXResourcesBuildPhase section */

/* Begin PBXShellScriptBuildPhase section */
		3899910A865B0FBA8496DDB4 /* [CP] Check Pods Manifest.lock */ = {
			isa = PBXShellScriptBuildPhase;
			buildActionMask = 2147483647;
			files = (
			);
			inputFileListPaths = (
			);
			inputPaths = (
				"${PODS_PODFILE_DIR_PATH}/Podfile.lock",
				"${PODS_ROOT}/Manifest.lock",
			);
			name = "[CP] Check Pods Manifest.lock";
			outputFileListPaths = (
			);
			outputPaths = (
				"$(DERIVED_FILE_DIR)/Pods-BestOffUITests-checkManifestLockResult.txt",
			);
			runOnlyForDeploymentPostprocessing = 0;
			shellPath = /bin/sh;
			shellScript = "diff \"${PODS_PODFILE_DIR_PATH}/Podfile.lock\" \"${PODS_ROOT}/Manifest.lock\" > /dev/null\nif [ $? != 0 ] ; then\n    # print error to STDERR\n    echo \"error: The sandbox is not in sync with the Podfile.lock. Run 'pod install' or update your CocoaPods installation.\" >&2\n    exit 1\nfi\n# This output is used by Xcode 'outputs' to avoid re-running this script phase.\necho \"SUCCESS\" > \"${SCRIPT_OUTPUT_FILE_0}\"\n";
			showEnvVarsInLog = 0;
		};
		4BCD59C264FD1BACC7CDD864 /* [CP] Embed Pods Frameworks */ = {
			isa = PBXShellScriptBuildPhase;
			buildActionMask = 2147483647;
			files = (
			);
			inputFileListPaths = (
			);
			inputPaths = (
				"${PODS_ROOT}/Target Support Files/Pods-BestOff/Pods-BestOff-frameworks.sh",
				"${BUILT_PRODUCTS_DIR}/Bond/Bond.framework",
				"${BUILT_PRODUCTS_DIR}/Differ/Differ.framework",
				"${BUILT_PRODUCTS_DIR}/ReactiveKit/ReactiveKit.framework",
				"${BUILT_PRODUCTS_DIR}/SwiftyJSON/SwiftyJSON.framework",
			);
			name = "[CP] Embed Pods Frameworks";
			outputFileListPaths = (
			);
			outputPaths = (
				"${TARGET_BUILD_DIR}/${FRAMEWORKS_FOLDER_PATH}/Bond.framework",
				"${TARGET_BUILD_DIR}/${FRAMEWORKS_FOLDER_PATH}/Differ.framework",
				"${TARGET_BUILD_DIR}/${FRAMEWORKS_FOLDER_PATH}/ReactiveKit.framework",
				"${TARGET_BUILD_DIR}/${FRAMEWORKS_FOLDER_PATH}/SwiftyJSON.framework",
			);
			runOnlyForDeploymentPostprocessing = 0;
			shellPath = /bin/sh;
			shellScript = "\"${PODS_ROOT}/Target Support Files/Pods-BestOff/Pods-BestOff-frameworks.sh\"\n";
			showEnvVarsInLog = 0;
		};
		7959F8E893B255D7C008E2D4 /* [CP] Check Pods Manifest.lock */ = {
			isa = PBXShellScriptBuildPhase;
			buildActionMask = 2147483647;
			files = (
			);
			inputFileListPaths = (
			);
			inputPaths = (
				"${PODS_PODFILE_DIR_PATH}/Podfile.lock",
				"${PODS_ROOT}/Manifest.lock",
			);
			name = "[CP] Check Pods Manifest.lock";
			outputFileListPaths = (
			);
			outputPaths = (
				"$(DERIVED_FILE_DIR)/Pods-BestOffTests-checkManifestLockResult.txt",
			);
			runOnlyForDeploymentPostprocessing = 0;
			shellPath = /bin/sh;
			shellScript = "diff \"${PODS_PODFILE_DIR_PATH}/Podfile.lock\" \"${PODS_ROOT}/Manifest.lock\" > /dev/null\nif [ $? != 0 ] ; then\n    # print error to STDERR\n    echo \"error: The sandbox is not in sync with the Podfile.lock. Run 'pod install' or update your CocoaPods installation.\" >&2\n    exit 1\nfi\n# This output is used by Xcode 'outputs' to avoid re-running this script phase.\necho \"SUCCESS\" > \"${SCRIPT_OUTPUT_FILE_0}\"\n";
			showEnvVarsInLog = 0;
		};
		F9504CE1B5D2A4BB45436027 /* [CP] Check Pods Manifest.lock */ = {
			isa = PBXShellScriptBuildPhase;
			buildActionMask = 2147483647;
			files = (
			);
			inputFileListPaths = (
			);
			inputPaths = (
				"${PODS_PODFILE_DIR_PATH}/Podfile.lock",
				"${PODS_ROOT}/Manifest.lock",
			);
			name = "[CP] Check Pods Manifest.lock";
			outputFileListPaths = (
			);
			outputPaths = (
				"$(DERIVED_FILE_DIR)/Pods-BestOff-checkManifestLockResult.txt",
			);
			runOnlyForDeploymentPostprocessing = 0;
			shellPath = /bin/sh;
			shellScript = "diff \"${PODS_PODFILE_DIR_PATH}/Podfile.lock\" \"${PODS_ROOT}/Manifest.lock\" > /dev/null\nif [ $? != 0 ] ; then\n    # print error to STDERR\n    echo \"error: The sandbox is not in sync with the Podfile.lock. Run 'pod install' or update your CocoaPods installation.\" >&2\n    exit 1\nfi\n# This output is used by Xcode 'outputs' to avoid re-running this script phase.\necho \"SUCCESS\" > \"${SCRIPT_OUTPUT_FILE_0}\"\n";
			showEnvVarsInLog = 0;
		};
/* End PBXShellScriptBuildPhase section */

/* Begin PBXSourcesBuildPhase section */
		22EB39B5222E0702001043E2 /* Sources */ = {
			isa = PBXSourcesBuildPhase;
			buildActionMask = 2147483647;
			files = (
				22D6B82F22529065004A33DE /* BOShopItem.swift in Sources */,
				226E0ACD22569F73006AB3E2 /* Extensions.swift in Sources */,
				22D6B84D22529936004A33DE /* BODrinkingItem.swift in Sources */,
				22D6B841225293B0004A33DE /* BOCatDrinkingService.swift in Sources */,
				22EB39BF222E0702001043E2 /* BOFeedController.swift in Sources */,
				22EB39BD222E0702001043E2 /* AppDelegate.swift in Sources */,
				22D6B834225290EB004A33DE /* BOCatActivities.swift in Sources */,
				22D6B8382252914B004A33DE /* BOCatActivitiesService.swift in Sources */,
				22D6B8532252A3B4004A33DE /* BODetailItem.swift in Sources */,
				226E0AD62256B34A006AB3E2 /* BOGuide.swift in Sources */,
				22D6B84B2252990A004A33DE /* BODiningItem.swift in Sources */,
				22D6B83D2252934D004A33DE /* BOCatDrinking.swift in Sources */,
				226E0AD82256B34A006AB3E2 /* BOAuthor.swift in Sources */,
				22CEF362224E36CC00A6688A /* BOCatShopping.swift in Sources */,
				22EB39EF222E2C28001043E2 /* BOCatShoppingService.swift in Sources */,
				226E0ADA2256B397006AB3E2 /* BOGuideService.swift in Sources */,
				22D6B84F22529998004A33DE /* BOCatDiningService.swift in Sources */,
				226E0AD72256B34A006AB3E2 /* BOSuperGuide.swift in Sources */,
				22D6B84822529896004A33DE /* BOCatDining.swift in Sources */,
				22D6B836225290F2004A33DE /* BOActivitiesItem.swift in Sources */,
				22B506DD224DC09A00F66FDB /* NetworkError.swift in Sources */,
				22B506DA224DAF2200F66FDB /* BOEndpoint.swift in Sources */,
			);
			runOnlyForDeploymentPostprocessing = 0;
		};
		22EB39C9222E0703001043E2 /* Sources */ = {
			isa = PBXSourcesBuildPhase;
			buildActionMask = 2147483647;
			files = (
				22EB39D2222E0703001043E2 /* BestOffTests.swift in Sources */,
			);
			runOnlyForDeploymentPostprocessing = 0;
		};
		22EB39D4222E0703001043E2 /* Sources */ = {
			isa = PBXSourcesBuildPhase;
			buildActionMask = 2147483647;
			files = (
				22EB39DD222E0703001043E2 /* BestOffUITests.swift in Sources */,
			);
			runOnlyForDeploymentPostprocessing = 0;
		};
/* End PBXSourcesBuildPhase section */

/* Begin PBXTargetDependency section */
		22EB39CF222E0703001043E2 /* PBXTargetDependency */ = {
			isa = PBXTargetDependency;
			target = 22EB39B8222E0702001043E2 /* BestOff */;
			targetProxy = 22EB39CE222E0703001043E2 /* PBXContainerItemProxy */;
		};
		22EB39DA222E0703001043E2 /* PBXTargetDependency */ = {
			isa = PBXTargetDependency;
			target = 22EB39B8222E0702001043E2 /* BestOff */;
			targetProxy = 22EB39D9222E0703001043E2 /* PBXContainerItemProxy */;
		};
/* End PBXTargetDependency section */

/* Begin PBXVariantGroup section */
		22EB39C0222E0702001043E2 /* Main.storyboard */ = {
			isa = PBXVariantGroup;
			children = (
				22EB39C1222E0702001043E2 /* Base */,
			);
			name = Main.storyboard;
			sourceTree = "<group>";
		};
		22EB39C5222E0703001043E2 /* LaunchScreen.storyboard */ = {
			isa = PBXVariantGroup;
			children = (
				22EB39C6222E0703001043E2 /* Base */,
			);
			name = LaunchScreen.storyboard;
			sourceTree = "<group>";
		};
/* End PBXVariantGroup section */

/* Begin XCBuildConfiguration section */
		22EB39DF222E0703001043E2 /* Debug */ = {
			isa = XCBuildConfiguration;
			buildSettings = {
				ALWAYS_SEARCH_USER_PATHS = NO;
				CLANG_ANALYZER_NONNULL = YES;
				CLANG_ANALYZER_NUMBER_OBJECT_CONVERSION = YES_AGGRESSIVE;
				CLANG_CXX_LANGUAGE_STANDARD = "gnu++14";
				CLANG_CXX_LIBRARY = "libc++";
				CLANG_ENABLE_MODULES = YES;
				CLANG_ENABLE_OBJC_ARC = YES;
				CLANG_ENABLE_OBJC_WEAK = YES;
				CLANG_WARN_BLOCK_CAPTURE_AUTORELEASING = YES;
				CLANG_WARN_BOOL_CONVERSION = YES;
				CLANG_WARN_COMMA = YES;
				CLANG_WARN_CONSTANT_CONVERSION = YES;
				CLANG_WARN_DEPRECATED_OBJC_IMPLEMENTATIONS = YES;
				CLANG_WARN_DIRECT_OBJC_ISA_USAGE = YES_ERROR;
				CLANG_WARN_DOCUMENTATION_COMMENTS = YES;
				CLANG_WARN_EMPTY_BODY = YES;
				CLANG_WARN_ENUM_CONVERSION = YES;
				CLANG_WARN_INFINITE_RECURSION = YES;
				CLANG_WARN_INT_CONVERSION = YES;
				CLANG_WARN_NON_LITERAL_NULL_CONVERSION = YES;
				CLANG_WARN_OBJC_IMPLICIT_RETAIN_SELF = YES;
				CLANG_WARN_OBJC_LITERAL_CONVERSION = YES;
				CLANG_WARN_OBJC_ROOT_CLASS = YES_ERROR;
				CLANG_WARN_RANGE_LOOP_ANALYSIS = YES;
				CLANG_WARN_STRICT_PROTOTYPES = YES;
				CLANG_WARN_SUSPICIOUS_MOVE = YES;
				CLANG_WARN_UNGUARDED_AVAILABILITY = YES_AGGRESSIVE;
				CLANG_WARN_UNREACHABLE_CODE = YES;
				CLANG_WARN__DUPLICATE_METHOD_MATCH = YES;
				CODE_SIGN_IDENTITY = "iPhone Developer";
				COPY_PHASE_STRIP = NO;
				DEBUG_INFORMATION_FORMAT = dwarf;
				ENABLE_STRICT_OBJC_MSGSEND = YES;
				ENABLE_TESTABILITY = YES;
				GCC_C_LANGUAGE_STANDARD = gnu11;
				GCC_DYNAMIC_NO_PIC = NO;
				GCC_NO_COMMON_BLOCKS = YES;
				GCC_OPTIMIZATION_LEVEL = 0;
				GCC_PREPROCESSOR_DEFINITIONS = (
					"DEBUG=1",
					"$(inherited)",
				);
				GCC_WARN_64_TO_32_BIT_CONVERSION = YES;
				GCC_WARN_ABOUT_RETURN_TYPE = YES_ERROR;
				GCC_WARN_UNDECLARED_SELECTOR = YES;
				GCC_WARN_UNINITIALIZED_AUTOS = YES_AGGRESSIVE;
				GCC_WARN_UNUSED_FUNCTION = YES;
				GCC_WARN_UNUSED_VARIABLE = YES;
				IPHONEOS_DEPLOYMENT_TARGET = 12.1;
				MTL_ENABLE_DEBUG_INFO = INCLUDE_SOURCE;
				MTL_FAST_MATH = YES;
				ONLY_ACTIVE_ARCH = YES;
				SDKROOT = iphoneos;
				SWIFT_ACTIVE_COMPILATION_CONDITIONS = DEBUG;
				SWIFT_OPTIMIZATION_LEVEL = "-Onone";
				SWIFT_VERSION = "";
			};
			name = Debug;
		};
		22EB39E0222E0703001043E2 /* Release */ = {
			isa = XCBuildConfiguration;
			buildSettings = {
				ALWAYS_SEARCH_USER_PATHS = NO;
				CLANG_ANALYZER_NONNULL = YES;
				CLANG_ANALYZER_NUMBER_OBJECT_CONVERSION = YES_AGGRESSIVE;
				CLANG_CXX_LANGUAGE_STANDARD = "gnu++14";
				CLANG_CXX_LIBRARY = "libc++";
				CLANG_ENABLE_MODULES = YES;
				CLANG_ENABLE_OBJC_ARC = YES;
				CLANG_ENABLE_OBJC_WEAK = YES;
				CLANG_WARN_BLOCK_CAPTURE_AUTORELEASING = YES;
				CLANG_WARN_BOOL_CONVERSION = YES;
				CLANG_WARN_COMMA = YES;
				CLANG_WARN_CONSTANT_CONVERSION = YES;
				CLANG_WARN_DEPRECATED_OBJC_IMPLEMENTATIONS = YES;
				CLANG_WARN_DIRECT_OBJC_ISA_USAGE = YES_ERROR;
				CLANG_WARN_DOCUMENTATION_COMMENTS = YES;
				CLANG_WARN_EMPTY_BODY = YES;
				CLANG_WARN_ENUM_CONVERSION = YES;
				CLANG_WARN_INFINITE_RECURSION = YES;
				CLANG_WARN_INT_CONVERSION = YES;
				CLANG_WARN_NON_LITERAL_NULL_CONVERSION = YES;
				CLANG_WARN_OBJC_IMPLICIT_RETAIN_SELF = YES;
				CLANG_WARN_OBJC_LITERAL_CONVERSION = YES;
				CLANG_WARN_OBJC_ROOT_CLASS = YES_ERROR;
				CLANG_WARN_RANGE_LOOP_ANALYSIS = YES;
				CLANG_WARN_STRICT_PROTOTYPES = YES;
				CLANG_WARN_SUSPICIOUS_MOVE = YES;
				CLANG_WARN_UNGUARDED_AVAILABILITY = YES_AGGRESSIVE;
				CLANG_WARN_UNREACHABLE_CODE = YES;
				CLANG_WARN__DUPLICATE_METHOD_MATCH = YES;
				CODE_SIGN_IDENTITY = "iPhone Developer";
				COPY_PHASE_STRIP = NO;
				DEBUG_INFORMATION_FORMAT = "dwarf-with-dsym";
				ENABLE_NS_ASSERTIONS = NO;
				ENABLE_STRICT_OBJC_MSGSEND = YES;
				GCC_C_LANGUAGE_STANDARD = gnu11;
				GCC_NO_COMMON_BLOCKS = YES;
				GCC_WARN_64_TO_32_BIT_CONVERSION = YES;
				GCC_WARN_ABOUT_RETURN_TYPE = YES_ERROR;
				GCC_WARN_UNDECLARED_SELECTOR = YES;
				GCC_WARN_UNINITIALIZED_AUTOS = YES_AGGRESSIVE;
				GCC_WARN_UNUSED_FUNCTION = YES;
				GCC_WARN_UNUSED_VARIABLE = YES;
				IPHONEOS_DEPLOYMENT_TARGET = 12.1;
				MTL_ENABLE_DEBUG_INFO = NO;
				MTL_FAST_MATH = YES;
				SDKROOT = iphoneos;
				SWIFT_COMPILATION_MODE = wholemodule;
				SWIFT_OPTIMIZATION_LEVEL = "-O";
				SWIFT_VERSION = "";
				VALIDATE_PRODUCT = YES;
			};
			name = Release;
		};
		22EB39E2222E0703001043E2 /* Debug */ = {
			isa = XCBuildConfiguration;
			baseConfigurationReference = 833CCF5BE5C2950B6C95E771 /* Pods-BestOff.debug.xcconfig */;
			buildSettings = {
				ASSETCATALOG_COMPILER_APPICON_NAME = AppIcon;
				CODE_SIGN_STYLE = Automatic;
				DEVELOPMENT_TEAM = T8RQAH6S9B;
				INFOPLIST_FILE = BestOff/Info.plist;
				LD_RUNPATH_SEARCH_PATHS = (
					"$(inherited)",
					"@executable_path/Frameworks",
				);
				PRODUCT_BUNDLE_IDENTIFIER = Grapevine.BestOff;
				PRODUCT_NAME = "$(TARGET_NAME)";
				SWIFT_VERSION = 4.2;
				TARGETED_DEVICE_FAMILY = 1;
			};
			name = Debug;
		};
		22EB39E3222E0703001043E2 /* Release */ = {
			isa = XCBuildConfiguration;
			baseConfigurationReference = 4AAE9F091A4026DD5612C114 /* Pods-BestOff.release.xcconfig */;
			buildSettings = {
				ASSETCATALOG_COMPILER_APPICON_NAME = AppIcon;
				CODE_SIGN_STYLE = Automatic;
				DEVELOPMENT_TEAM = T8RQAH6S9B;
				INFOPLIST_FILE = BestOff/Info.plist;
				LD_RUNPATH_SEARCH_PATHS = (
					"$(inherited)",
					"@executable_path/Frameworks",
				);
				PRODUCT_BUNDLE_IDENTIFIER = Grapevine.BestOff;
				PRODUCT_NAME = "$(TARGET_NAME)";
				SWIFT_VERSION = 4.2;
				TARGETED_DEVICE_FAMILY = 1;
			};
			name = Release;
		};
		22EB39E5222E0703001043E2 /* Debug */ = {
			isa = XCBuildConfiguration;
			baseConfigurationReference = 9388F1875E1DDD7937D1EBBD /* Pods-BestOffTests.debug.xcconfig */;
			buildSettings = {
				ALWAYS_EMBED_SWIFT_STANDARD_LIBRARIES = YES;
				BUNDLE_LOADER = "$(TEST_HOST)";
				CODE_SIGN_STYLE = Automatic;
				INFOPLIST_FILE = BestOffTests/Info.plist;
				LD_RUNPATH_SEARCH_PATHS = (
					"$(inherited)",
					"@executable_path/Frameworks",
					"@loader_path/Frameworks",
				);
				PRODUCT_BUNDLE_IDENTIFIER = Grapevine.BestOffTests;
				PRODUCT_NAME = "$(TARGET_NAME)";
				SWIFT_VERSION = 4.2;
				TARGETED_DEVICE_FAMILY = "1,2";
				TEST_HOST = "$(BUILT_PRODUCTS_DIR)/BestOff.app/BestOff";
			};
			name = Debug;
		};
		22EB39E6222E0703001043E2 /* Release */ = {
			isa = XCBuildConfiguration;
			baseConfigurationReference = C8B01FC33A68D03E5C4894F4 /* Pods-BestOffTests.release.xcconfig */;
			buildSettings = {
				ALWAYS_EMBED_SWIFT_STANDARD_LIBRARIES = YES;
				BUNDLE_LOADER = "$(TEST_HOST)";
				CODE_SIGN_STYLE = Automatic;
				INFOPLIST_FILE = BestOffTests/Info.plist;
				LD_RUNPATH_SEARCH_PATHS = (
					"$(inherited)",
					"@executable_path/Frameworks",
					"@loader_path/Frameworks",
				);
				PRODUCT_BUNDLE_IDENTIFIER = Grapevine.BestOffTests;
				PRODUCT_NAME = "$(TARGET_NAME)";
				SWIFT_VERSION = 4.2;
				TARGETED_DEVICE_FAMILY = "1,2";
				TEST_HOST = "$(BUILT_PRODUCTS_DIR)/BestOff.app/BestOff";
			};
			name = Release;
		};
		22EB39E8222E0703001043E2 /* Debug */ = {
			isa = XCBuildConfiguration;
			baseConfigurationReference = B26AC2CDC231DE6C9F324734 /* Pods-BestOffUITests.debug.xcconfig */;
			buildSettings = {
				ALWAYS_EMBED_SWIFT_STANDARD_LIBRARIES = YES;
				CODE_SIGN_STYLE = Automatic;
				INFOPLIST_FILE = BestOffUITests/Info.plist;
				LD_RUNPATH_SEARCH_PATHS = (
					"$(inherited)",
					"@executable_path/Frameworks",
					"@loader_path/Frameworks",
				);
				PRODUCT_BUNDLE_IDENTIFIER = Grapevine.BestOffUITests;
				PRODUCT_NAME = "$(TARGET_NAME)";
				SWIFT_VERSION = 4.2;
				TARGETED_DEVICE_FAMILY = "1,2";
				TEST_TARGET_NAME = BestOff;
			};
			name = Debug;
		};
		22EB39E9222E0703001043E2 /* Release */ = {
			isa = XCBuildConfiguration;
			baseConfigurationReference = EBC0830752532848125DE7AD /* Pods-BestOffUITests.release.xcconfig */;
			buildSettings = {
				ALWAYS_EMBED_SWIFT_STANDARD_LIBRARIES = YES;
				CODE_SIGN_STYLE = Automatic;
				INFOPLIST_FILE = BestOffUITests/Info.plist;
				LD_RUNPATH_SEARCH_PATHS = (
					"$(inherited)",
					"@executable_path/Frameworks",
					"@loader_path/Frameworks",
				);
				PRODUCT_BUNDLE_IDENTIFIER = Grapevine.BestOffUITests;
				PRODUCT_NAME = "$(TARGET_NAME)";
				SWIFT_VERSION = 4.2;
				TARGETED_DEVICE_FAMILY = "1,2";
				TEST_TARGET_NAME = BestOff;
			};
			name = Release;
		};
/* End XCBuildConfiguration section */

/* Begin XCConfigurationList section */
		22EB39B4222E0702001043E2 /* Build configuration list for PBXProject "BestOff" */ = {
			isa = XCConfigurationList;
			buildConfigurations = (
				22EB39DF222E0703001043E2 /* Debug */,
				22EB39E0222E0703001043E2 /* Release */,
			);
			defaultConfigurationIsVisible = 0;
			defaultConfigurationName = Release;
		};
		22EB39E1222E0703001043E2 /* Build configuration list for PBXNativeTarget "BestOff" */ = {
			isa = XCConfigurationList;
			buildConfigurations = (
				22EB39E2222E0703001043E2 /* Debug */,
				22EB39E3222E0703001043E2 /* Release */,
			);
			defaultConfigurationIsVisible = 0;
			defaultConfigurationName = Release;
		};
		22EB39E4222E0703001043E2 /* Build configuration list for PBXNativeTarget "BestOffTests" */ = {
			isa = XCConfigurationList;
			buildConfigurations = (
				22EB39E5222E0703001043E2 /* Debug */,
				22EB39E6222E0703001043E2 /* Release */,
			);
			defaultConfigurationIsVisible = 0;
			defaultConfigurationName = Release;
		};
		22EB39E7222E0703001043E2 /* Build configuration list for PBXNativeTarget "BestOffUITests" */ = {
			isa = XCConfigurationList;
			buildConfigurations = (
				22EB39E8222E0703001043E2 /* Debug */,
				22EB39E9222E0703001043E2 /* Release */,
			);
			defaultConfigurationIsVisible = 0;
			defaultConfigurationName = Release;
		};
/* End XCConfigurationList section */
	};
	rootObject = 22EB39B1222E0702001043E2 /* Project object */;
}
