PODS:
  - Bond (7.2.1):
    - Differ (~> 1.3)
    - ReactiveKit (~> 3.9)
  - Differ (1.3.0)
  - ReactiveKit (3.9.7)
  - SDWebImage (4.4.6):
    - SDWebImage/Core (= 4.4.6)
  - SDWebImage/Core (4.4.6)

DEPENDENCIES:
  - Bond
  - ReactiveKit
  - SDWebImage

SPEC REPOS:
  https://github.com/cocoapods/specs.git:
    - Bond
    - Differ
    - ReactiveKit
    - SDWebImage

SPEC CHECKSUMS:
  Bond: 663dd8da3eccadb4d7d57243499d387f9976580d
  Differ: 9fcee7602542d7c6484ce05a0faec1c11258ed63
  ReactiveKit: 5f4c440715d671901c382ae6b42ed3337ce4699b
  SDWebImage: 3f3f0c02f09798048c47a5ed0a13f17b063572d8

PODFILE CHECKSUM: 3b5f7237f7597cd83e43ffc8d2d15f0be387e802

COCOAPODS: 1.6.1
